// !$*UTF8*$!
{
	archiveVersion = 1;
	classes = {
	};
	objectVersion = 46;
	objects = {

/* Begin PBXBuildFile section */
		4C17BB2C1CEEC311008464E0 /* OpenGLView20.m in Sources */ = {isa = PBXBuildFile; fileRef = 4C17BB2B1CEEC311008464E0 /* OpenGLView20.m */; };
		4C31C8561CF58B320012B679 /* CacheView.m in Sources */ = {isa = PBXBuildFile; fileRef = 4C31C8551CF58B320012B679 /* CacheView.m */; };
		4C5181121D10FC77001D62A8 /* KBPlayer9_0.m in Sources */ = {isa = PBXBuildFile; fileRef = 4C5181111D10FC77001D62A8 /* KBPlayer9_0.m */; };
		4C5181151D10FC97001D62A8 /* KBPlayerController9_0.m in Sources */ = {isa = PBXBuildFile; fileRef = 4C5181141D10FC97001D62A8 /* KBPlayerController9_0.m */; };
		4C5181181D113727001D62A8 /* AAPLEAGLLayer.m in Sources */ = {isa = PBXBuildFile; fileRef = 4C5181171D113727001D62A8 /* AAPLEAGLLayer.m */; };
		4C5B29881CF8215B0000ECCD /* KBPlayer7_0.m in Sources */ = {isa = PBXBuildFile; fileRef = 4C5B29871CF8215B0000ECCD /* KBPlayer7_0.m */; };
		4C5B298B1CF821AF0000ECCD /* KBPlayerController7_0.m in Sources */ = {isa = PBXBuildFile; fileRef = 4C5B298A1CF821AF0000ECCD /* KBPlayerController7_0.m */; };
		4C5B29961CF8319B0000ECCD /* KBPlayer8_0.m in Sources */ = {isa = PBXBuildFile; fileRef = 4C5B29951CF8319B0000ECCD /* KBPlayer8_0.m */; };
		4C5B29991CF831B90000ECCD /* KBPlayerController8_0.m in Sources */ = {isa = PBXBuildFile; fileRef = 4C5B29981CF831B90000ECCD /* KBPlayerController8_0.m */; };
		4C61B2001CFC385A0011201B /* PanormalOpenGLView.m in Sources */ = {isa = PBXBuildFile; fileRef = 4C61B1FF1CFC385A0011201B /* PanormalOpenGLView.m */; };
		4C6A4CA41CEC4EF20027BAA8 /* main.m in Sources */ = {isa = PBXBuildFile; fileRef = 4C6A4CA31CEC4EF20027BAA8 /* main.m */; };
		4C6A4CA71CEC4EF20027BAA8 /* AppDelegate.m in Sources */ = {isa = PBXBuildFile; fileRef = 4C6A4CA61CEC4EF20027BAA8 /* AppDelegate.m */; };
		4C6A4CAA1CEC4EF30027BAA8 /* ViewController.m in Sources */ = {isa = PBXBuildFile; fileRef = 4C6A4CA91CEC4EF30027BAA8 /* ViewController.m */; };
		4C6A4CAD1CEC4EF30027BAA8 /* Main.storyboard in Resources */ = {isa = PBXBuildFile; fileRef = 4C6A4CAB1CEC4EF30027BAA8 /* Main.storyboard */; };
		4C6A4CAF1CEC4EF30027BAA8 /* Assets.xcassets in Resources */ = {isa = PBXBuildFile; fileRef = 4C6A4CAE1CEC4EF30027BAA8 /* Assets.xcassets */; };
		4C6A4CB21CEC4EF30027BAA8 /* LaunchScreen.storyboard in Resources */ = {isa = PBXBuildFile; fileRef = 4C6A4CB01CEC4EF30027BAA8 /* LaunchScreen.storyboard */; };
		4C6A4CBD1CEC4EF30027BAA8 /* KBPlayerTests.m in Sources */ = {isa = PBXBuildFile; fileRef = 4C6A4CBC1CEC4EF30027BAA8 /* KBPlayerTests.m */; };
		4C6A4CC81CEC4EF30027BAA8 /* KBPlayerUITests.m in Sources */ = {isa = PBXBuildFile; fileRef = 4C6A4CC71CEC4EF30027BAA8 /* KBPlayerUITests.m */; };
		4C6A4D5A1CEC5AE70027BAA8 /* libavcodec.a in Frameworks */ = {isa = PBXBuildFile; fileRef = 4C6A4D541CEC5AE70027BAA8 /* libavcodec.a */; };
		4C6A4D5B1CEC5AE70027BAA8 /* libavfilter.a in Frameworks */ = {isa = PBXBuildFile; fileRef = 4C6A4D551CEC5AE70027BAA8 /* libavfilter.a */; };
		4C6A4D5C1CEC5AE70027BAA8 /* libavformat.a in Frameworks */ = {isa = PBXBuildFile; fileRef = 4C6A4D561CEC5AE70027BAA8 /* libavformat.a */; };
		4C6A4D5D1CEC5AE70027BAA8 /* libavutil.a in Frameworks */ = {isa = PBXBuildFile; fileRef = 4C6A4D571CEC5AE70027BAA8 /* libavutil.a */; };
		4C6A4D5E1CEC5AE70027BAA8 /* libswresample.a in Frameworks */ = {isa = PBXBuildFile; fileRef = 4C6A4D581CEC5AE70027BAA8 /* libswresample.a */; };
		4C6A4D5F1CEC5AE70027BAA8 /* libswscale.a in Frameworks */ = {isa = PBXBuildFile; fileRef = 4C6A4D591CEC5AE70027BAA8 /* libswscale.a */; };
		4C6A4D661CEC5C7E0027BAA8 /* VideoToolbox.framework in Frameworks */ = {isa = PBXBuildFile; fileRef = 4C6A4D651CEC5C7E0027BAA8 /* VideoToolbox.framework */; };
		4C6A4D681CEC5CA90027BAA8 /* libiconv.2.4.0.tbd in Frameworks */ = {isa = PBXBuildFile; fileRef = 4C6A4D671CEC5CA90027BAA8 /* libiconv.2.4.0.tbd */; };
		4C6A4D6A1CEC5CB10027BAA8 /* libz.1.1.3.tbd in Frameworks */ = {isa = PBXBuildFile; fileRef = 4C6A4D691CEC5CB10027BAA8 /* libz.1.1.3.tbd */; };
		4C6A4D6C1CEC5CB50027BAA8 /* libbz2.1.0.tbd in Frameworks */ = {isa = PBXBuildFile; fileRef = 4C6A4D6B1CEC5CB50027BAA8 /* libbz2.1.0.tbd */; };
		4C6A4D741CEC64C60027BAA8 /* VRPlayControlView.m in Sources */ = {isa = PBXBuildFile; fileRef = 4C6A4D731CEC64C60027BAA8 /* VRPlayControlView.m */; };
		4C6A4D901CEC658D0027BAA8 /* Info.plist in Resources */ = {isa = PBXBuildFile; fileRef = 4C6A4D761CEC658D0027BAA8 /* Info.plist */; };
		4C6A4D911CEC658D0027BAA8 /* MASCompositeConstraint.m in Sources */ = {isa = PBXBuildFile; fileRef = 4C6A4D781CEC658D0027BAA8 /* MASCompositeConstraint.m */; };
		4C6A4D921CEC658D0027BAA8 /* MASConstraint.m in Sources */ = {isa = PBXBuildFile; fileRef = 4C6A4D7B1CEC658D0027BAA8 /* MASConstraint.m */; };
		4C6A4D931CEC658D0027BAA8 /* MASConstraintMaker.m in Sources */ = {isa = PBXBuildFile; fileRef = 4C6A4D7D1CEC658D0027BAA8 /* MASConstraintMaker.m */; };
		4C6A4D941CEC658D0027BAA8 /* MASLayoutConstraint.m in Sources */ = {isa = PBXBuildFile; fileRef = 4C6A4D7F1CEC658D0027BAA8 /* MASLayoutConstraint.m */; };
		4C6A4D951CEC658D0027BAA8 /* MASViewAttribute.m in Sources */ = {isa = PBXBuildFile; fileRef = 4C6A4D831CEC658D0027BAA8 /* MASViewAttribute.m */; };
		4C6A4D961CEC658D0027BAA8 /* MASViewConstraint.m in Sources */ = {isa = PBXBuildFile; fileRef = 4C6A4D851CEC658D0027BAA8 /* MASViewConstraint.m */; };
		4C6A4D971CEC658D0027BAA8 /* NSArray+MASAdditions.m in Sources */ = {isa = PBXBuildFile; fileRef = 4C6A4D871CEC658D0027BAA8 /* NSArray+MASAdditions.m */; };
		4C6A4D981CEC658D0027BAA8 /* NSLayoutConstraint+MASDebugAdditions.m in Sources */ = {isa = PBXBuildFile; fileRef = 4C6A4D8A1CEC658D0027BAA8 /* NSLayoutConstraint+MASDebugAdditions.m */; };
		4C6A4D991CEC658D0027BAA8 /* View+MASAdditions.m in Sources */ = {isa = PBXBuildFile; fileRef = 4C6A4D8C1CEC658D0027BAA8 /* View+MASAdditions.m */; };
		4C6A4D9A1CEC658D0027BAA8 /* ViewController+MASAdditions.m in Sources */ = {isa = PBXBuildFile; fileRef = 4C6A4D8F1CEC658D0027BAA8 /* ViewController+MASAdditions.m */; };
		4C86C65B1CED5E4D00F3CD4C /* cuc_ieschool.flv in Resources */ = {isa = PBXBuildFile; fileRef = 4C86C65A1CED5E4D00F3CD4C /* cuc_ieschool.flv */; };
/* End PBXBuildFile section */

/* Begin PBXContainerItemProxy section */
		4C6A4CB91CEC4EF30027BAA8 /* PBXContainerItemProxy */ = {
			isa = PBXContainerItemProxy;
			containerPortal = 4C6A4C971CEC4EF20027BAA8 /* Project object */;
			proxyType = 1;
			remoteGlobalIDString = 4C6A4C9E1CEC4EF20027BAA8;
			remoteInfo = KBPlayer;
		};
		4C6A4CC41CEC4EF30027BAA8 /* PBXContainerItemProxy */ = {
			isa = PBXContainerItemProxy;
			containerPortal = 4C6A4C971CEC4EF20027BAA8 /* Project object */;
			proxyType = 1;
			remoteGlobalIDString = 4C6A4C9E1CEC4EF20027BAA8;
			remoteInfo = KBPlayer;
		};
/* End PBXContainerItemProxy section */

/* Begin PBXFileReference section */
		4C07F81D1CF7084E00382BAD /* KBFFmpegHeader6_0.h */ = {isa = PBXFileReference; lastKnownFileType = sourcecode.c.h; path = KBFFmpegHeader6_0.h; sourceTree = "<group>"; };
		4C07F81E1CF7087500382BAD /* KBPlayerController6_0.h */ = {isa = PBXFileReference; fileEncoding = 4; lastKnownFileType = sourcecode.c.h; path = KBPlayerController6_0.h; sourceTree = "<group>"; };
		4C07F81F1CF7087500382BAD /* KBPlayerController6_0.m */ = {isa = PBXFileReference; fileEncoding = 4; lastKnownFileType = sourcecode.c.objc; path = KBPlayerController6_0.m; sourceTree = "<group>"; };
		4C07F8211CF708BA00382BAD /* KBPlayer.h */ = {isa = PBXFileReference; fileEncoding = 4; lastKnownFileType = sourcecode.c.h; path = KBPlayer.h; sourceTree = "<group>"; };
		4C07F8221CF708BA00382BAD /* KBPlayer.m */ = {isa = PBXFileReference; fileEncoding = 4; indentWidth = 3; lastKnownFileType = sourcecode.c.objc; path = KBPlayer.m; sourceTree = "<group>"; };
		4C17BB2A1CEEC30B008464E0 /* OpenGLView20.h */ = {isa = PBXFileReference; lastKnownFileType = sourcecode.c.h; path = OpenGLView20.h; sourceTree = "<group>"; };
		4C17BB2B1CEEC311008464E0 /* OpenGLView20.m */ = {isa = PBXFileReference; fileEncoding = 4; lastKnownFileType = sourcecode.c.objc; path = OpenGLView20.m; sourceTree = "<group>"; };
		4C17BB2E1CEEF317008464E0 /* KBPlayerController2_0.h */ = {isa = PBXFileReference; fileEncoding = 4; lastKnownFileType = sourcecode.c.h; path = KBPlayerController2_0.h; sourceTree = "<group>"; };
		4C17BB2F1CEEF317008464E0 /* KBPlayerController2_0.m */ = {isa = PBXFileReference; fileEncoding = 4; lastKnownFileType = sourcecode.c.objc; path = KBPlayerController2_0.m; sourceTree = "<group>"; };
		4C17BB311CEF1EB4008464E0 /* ffplay.c */ = {isa = PBXFileReference; lastKnownFileType = sourcecode.c.c; path = ffplay.c; sourceTree = "<group>"; };
		4C1DDD561CF2A439003AA4C2 /* KBPlayerEnumHeaders.h */ = {isa = PBXFileReference; lastKnownFileType = sourcecode.c.h; path = KBPlayerEnumHeaders.h; sourceTree = "<group>"; };
		4C1DDD571CF2A929003AA4C2 /* ffplay2.c */ = {isa = PBXFileReference; fileEncoding = 4; lastKnownFileType = sourcecode.c.c; path = ffplay2.c; sourceTree = "<group>"; };
		4C1DDD5A1CF2C99F003AA4C2 /* KBPlayerController3_0.h */ = {isa = PBXFileReference; fileEncoding = 4; lastKnownFileType = sourcecode.c.h; path = KBPlayerController3_0.h; sourceTree = "<group>"; };
		4C1DDD5B1CF2C99F003AA4C2 /* KBPlayerController3_0.m */ = {isa = PBXFileReference; fileEncoding = 4; lastKnownFileType = sourcecode.c.objc; path = KBPlayerController3_0.m; sourceTree = "<group>"; };
		4C1DDD5D1CF2D667003AA4C2 /* KBFFmpegHeader3_0.h */ = {isa = PBXFileReference; lastKnownFileType = sourcecode.c.h; path = KBFFmpegHeader3_0.h; sourceTree = "<group>"; };
		4C31C8541CF58B320012B679 /* CacheView.h */ = {isa = PBXFileReference; fileEncoding = 4; lastKnownFileType = sourcecode.c.h; name = CacheView.h; path = ../CacheView.h; sourceTree = "<group>"; };
		4C31C8551CF58B320012B679 /* CacheView.m */ = {isa = PBXFileReference; fileEncoding = 4; lastKnownFileType = sourcecode.c.objc; name = CacheView.m; path = ../CacheView.m; sourceTree = "<group>"; };
		4C5181101D10FC77001D62A8 /* KBPlayer9_0.h */ = {isa = PBXFileReference; fileEncoding = 4; lastKnownFileType = sourcecode.c.h; path = KBPlayer9_0.h; sourceTree = "<group>"; };
		4C5181111D10FC77001D62A8 /* KBPlayer9_0.m */ = {isa = PBXFileReference; fileEncoding = 4; lastKnownFileType = sourcecode.c.objc; path = KBPlayer9_0.m; sourceTree = "<group>"; };
		4C5181131D10FC97001D62A8 /* KBPlayerController9_0.h */ = {isa = PBXFileReference; fileEncoding = 4; lastKnownFileType = sourcecode.c.h; path = KBPlayerController9_0.h; sourceTree = "<group>"; };
		4C5181141D10FC97001D62A8 /* KBPlayerController9_0.m */ = {isa = PBXFileReference; fileEncoding = 4; lastKnownFileType = sourcecode.c.objc; path = KBPlayerController9_0.m; sourceTree = "<group>"; };
		4C5181161D113727001D62A8 /* AAPLEAGLLayer.h */ = {isa = PBXFileReference; fileEncoding = 4; lastKnownFileType = sourcecode.c.h; path = AAPLEAGLLayer.h; sourceTree = "<group>"; };
		4C5181171D113727001D62A8 /* AAPLEAGLLayer.m */ = {isa = PBXFileReference; fileEncoding = 4; lastKnownFileType = sourcecode.c.objc; path = AAPLEAGLLayer.m; sourceTree = "<group>"; };
		4C5B29861CF8215B0000ECCD /* KBPlayer7_0.h */ = {isa = PBXFileReference; fileEncoding = 4; lastKnownFileType = sourcecode.c.h; path = KBPlayer7_0.h; sourceTree = "<group>"; };
		4C5B29871CF8215B0000ECCD /* KBPlayer7_0.m */ = {isa = PBXFileReference; fileEncoding = 4; lastKnownFileType = sourcecode.c.objc; path = KBPlayer7_0.m; sourceTree = "<group>"; };
		4C5B29891CF821AF0000ECCD /* KBPlayerController7_0.h */ = {isa = PBXFileReference; fileEncoding = 4; lastKnownFileType = sourcecode.c.h; path = KBPlayerController7_0.h; sourceTree = "<group>"; };
		4C5B298A1CF821AF0000ECCD /* KBPlayerController7_0.m */ = {isa = PBXFileReference; fileEncoding = 4; lastKnownFileType = sourcecode.c.objc; path = KBPlayerController7_0.m; sourceTree = "<group>"; };
		4C5B29941CF8319B0000ECCD /* KBPlayer8_0.h */ = {isa = PBXFileReference; fileEncoding = 4; lastKnownFileType = sourcecode.c.h; path = KBPlayer8_0.h; sourceTree = "<group>"; };
		4C5B29951CF8319B0000ECCD /* KBPlayer8_0.m */ = {isa = PBXFileReference; fileEncoding = 4; lastKnownFileType = sourcecode.c.objc; path = KBPlayer8_0.m; sourceTree = "<group>"; };
		4C5B29971CF831B90000ECCD /* KBPlayerController8_0.h */ = {isa = PBXFileReference; fileEncoding = 4; lastKnownFileType = sourcecode.c.h; path = KBPlayerController8_0.h; sourceTree = "<group>"; };
		4C5B29981CF831B90000ECCD /* KBPlayerController8_0.m */ = {isa = PBXFileReference; fileEncoding = 4; lastKnownFileType = sourcecode.c.objc; path = KBPlayerController8_0.m; sourceTree = "<group>"; };
		4C61B1FE1CFC385A0011201B /* PanormalOpenGLView.h */ = {isa = PBXFileReference; fileEncoding = 4; lastKnownFileType = sourcecode.c.h; path = PanormalOpenGLView.h; sourceTree = "<group>"; };
		4C61B1FF1CFC385A0011201B /* PanormalOpenGLView.m */ = {isa = PBXFileReference; fileEncoding = 4; lastKnownFileType = sourcecode.c.objc; path = PanormalOpenGLView.m; sourceTree = "<group>"; };
		4C6A4C9F1CEC4EF20027BAA8 /* KBPlayer.app */ = {isa = PBXFileReference; explicitFileType = wrapper.application; includeInIndex = 0; path = KBPlayer.app; sourceTree = BUILT_PRODUCTS_DIR; };
		4C6A4CA31CEC4EF20027BAA8 /* main.m */ = {isa = PBXFileReference; lastKnownFileType = sourcecode.c.objc; path = main.m; sourceTree = "<group>"; };
		4C6A4CA51CEC4EF20027BAA8 /* AppDelegate.h */ = {isa = PBXFileReference; lastKnownFileType = sourcecode.c.h; path = AppDelegate.h; sourceTree = "<group>"; };
		4C6A4CA61CEC4EF20027BAA8 /* AppDelegate.m */ = {isa = PBXFileReference; lastKnownFileType = sourcecode.c.objc; path = AppDelegate.m; sourceTree = "<group>"; };
		4C6A4CA81CEC4EF30027BAA8 /* ViewController.h */ = {isa = PBXFileReference; lastKnownFileType = sourcecode.c.h; path = ViewController.h; sourceTree = "<group>"; };
		4C6A4CA91CEC4EF30027BAA8 /* ViewController.m */ = {isa = PBXFileReference; lastKnownFileType = sourcecode.c.objc; path = ViewController.m; sourceTree = "<group>"; };
		4C6A4CAC1CEC4EF30027BAA8 /* Base */ = {isa = PBXFileReference; lastKnownFileType = file.storyboard; name = Base; path = Base.lproj/Main.storyboard; sourceTree = "<group>"; };
		4C6A4CAE1CEC4EF30027BAA8 /* Assets.xcassets */ = {isa = PBXFileReference; lastKnownFileType = folder.assetcatalog; path = Assets.xcassets; sourceTree = "<group>"; };
		4C6A4CB11CEC4EF30027BAA8 /* Base */ = {isa = PBXFileReference; lastKnownFileType = file.storyboard; name = Base; path = Base.lproj/LaunchScreen.storyboard; sourceTree = "<group>"; };
		4C6A4CB31CEC4EF30027BAA8 /* Info.plist */ = {isa = PBXFileReference; lastKnownFileType = text.plist.xml; path = Info.plist; sourceTree = "<group>"; };
		4C6A4CB81CEC4EF30027BAA8 /* KBPlayerTests.xctest */ = {isa = PBXFileReference; explicitFileType = wrapper.cfbundle; includeInIndex = 0; path = KBPlayerTests.xctest; sourceTree = BUILT_PRODUCTS_DIR; };
		4C6A4CBC1CEC4EF30027BAA8 /* KBPlayerTests.m */ = {isa = PBXFileReference; lastKnownFileType = sourcecode.c.objc; path = KBPlayerTests.m; sourceTree = "<group>"; };
		4C6A4CBE1CEC4EF30027BAA8 /* Info.plist */ = {isa = PBXFileReference; lastKnownFileType = text.plist.xml; path = Info.plist; sourceTree = "<group>"; };
		4C6A4CC31CEC4EF30027BAA8 /* KBPlayerUITests.xctest */ = {isa = PBXFileReference; explicitFileType = wrapper.cfbundle; includeInIndex = 0; path = KBPlayerUITests.xctest; sourceTree = BUILT_PRODUCTS_DIR; };
		4C6A4CC71CEC4EF30027BAA8 /* KBPlayerUITests.m */ = {isa = PBXFileReference; lastKnownFileType = sourcecode.c.objc; path = KBPlayerUITests.m; sourceTree = "<group>"; };
		4C6A4CC91CEC4EF30027BAA8 /* Info.plist */ = {isa = PBXFileReference; lastKnownFileType = text.plist.xml; path = Info.plist; sourceTree = "<group>"; };
		4C6A4CD81CEC5AE60027BAA8 /* avcodec.h */ = {isa = PBXFileReference; fileEncoding = 4; lastKnownFileType = sourcecode.c.h; path = avcodec.h; sourceTree = "<group>"; };
		4C6A4CD91CEC5AE60027BAA8 /* avfft.h */ = {isa = PBXFileReference; fileEncoding = 4; lastKnownFileType = sourcecode.c.h; path = avfft.h; sourceTree = "<group>"; };
		4C6A4CDA1CEC5AE60027BAA8 /* d3d11va.h */ = {isa = PBXFileReference; fileEncoding = 4; lastKnownFileType = sourcecode.c.h; path = d3d11va.h; sourceTree = "<group>"; };
		4C6A4CDB1CEC5AE60027BAA8 /* dv_profile.h */ = {isa = PBXFileReference; fileEncoding = 4; lastKnownFileType = sourcecode.c.h; path = dv_profile.h; sourceTree = "<group>"; };
		4C6A4CDC1CEC5AE60027BAA8 /* dxva2.h */ = {isa = PBXFileReference; fileEncoding = 4; lastKnownFileType = sourcecode.c.h; path = dxva2.h; sourceTree = "<group>"; };
		4C6A4CDD1CEC5AE60027BAA8 /* old_codec_ids.h */ = {isa = PBXFileReference; fileEncoding = 4; lastKnownFileType = sourcecode.c.h; path = old_codec_ids.h; sourceTree = "<group>"; };
		4C6A4CDE1CEC5AE60027BAA8 /* qsv.h */ = {isa = PBXFileReference; fileEncoding = 4; lastKnownFileType = sourcecode.c.h; path = qsv.h; sourceTree = "<group>"; };
		4C6A4CDF1CEC5AE60027BAA8 /* vaapi.h */ = {isa = PBXFileReference; fileEncoding = 4; lastKnownFileType = sourcecode.c.h; path = vaapi.h; sourceTree = "<group>"; };
		4C6A4CE01CEC5AE60027BAA8 /* vda.h */ = {isa = PBXFileReference; fileEncoding = 4; lastKnownFileType = sourcecode.c.h; path = vda.h; sourceTree = "<group>"; };
		4C6A4CE11CEC5AE60027BAA8 /* vdpau.h */ = {isa = PBXFileReference; fileEncoding = 4; lastKnownFileType = sourcecode.c.h; path = vdpau.h; sourceTree = "<group>"; };
		4C6A4CE21CEC5AE60027BAA8 /* version.h */ = {isa = PBXFileReference; fileEncoding = 4; lastKnownFileType = sourcecode.c.h; path = version.h; sourceTree = "<group>"; };
		4C6A4CE31CEC5AE60027BAA8 /* videotoolbox.h */ = {isa = PBXFileReference; fileEncoding = 4; lastKnownFileType = sourcecode.c.h; path = videotoolbox.h; sourceTree = "<group>"; };
		4C6A4CE41CEC5AE60027BAA8 /* vorbis_parser.h */ = {isa = PBXFileReference; fileEncoding = 4; lastKnownFileType = sourcecode.c.h; path = vorbis_parser.h; sourceTree = "<group>"; };
		4C6A4CE51CEC5AE60027BAA8 /* xvmc.h */ = {isa = PBXFileReference; fileEncoding = 4; lastKnownFileType = sourcecode.c.h; path = xvmc.h; sourceTree = "<group>"; };
		4C6A4CE71CEC5AE60027BAA8 /* asrc_abuffer.h */ = {isa = PBXFileReference; fileEncoding = 4; lastKnownFileType = sourcecode.c.h; path = asrc_abuffer.h; sourceTree = "<group>"; };
		4C6A4CE81CEC5AE60027BAA8 /* avcodec.h */ = {isa = PBXFileReference; fileEncoding = 4; lastKnownFileType = sourcecode.c.h; path = avcodec.h; sourceTree = "<group>"; };
		4C6A4CE91CEC5AE60027BAA8 /* avfilter.h */ = {isa = PBXFileReference; fileEncoding = 4; lastKnownFileType = sourcecode.c.h; path = avfilter.h; sourceTree = "<group>"; };
		4C6A4CEA1CEC5AE60027BAA8 /* avfiltergraph.h */ = {isa = PBXFileReference; fileEncoding = 4; lastKnownFileType = sourcecode.c.h; path = avfiltergraph.h; sourceTree = "<group>"; };
		4C6A4CEB1CEC5AE60027BAA8 /* buffersink.h */ = {isa = PBXFileReference; fileEncoding = 4; lastKnownFileType = sourcecode.c.h; path = buffersink.h; sourceTree = "<group>"; };
		4C6A4CEC1CEC5AE60027BAA8 /* buffersrc.h */ = {isa = PBXFileReference; fileEncoding = 4; lastKnownFileType = sourcecode.c.h; path = buffersrc.h; sourceTree = "<group>"; };
		4C6A4CED1CEC5AE60027BAA8 /* version.h */ = {isa = PBXFileReference; fileEncoding = 4; lastKnownFileType = sourcecode.c.h; path = version.h; sourceTree = "<group>"; };
		4C6A4CEF1CEC5AE60027BAA8 /* avc.h */ = {isa = PBXFileReference; fileEncoding = 4; lastKnownFileType = sourcecode.c.h; path = avc.h; sourceTree = "<group>"; };
		4C6A4CF01CEC5AE60027BAA8 /* avformat.h */ = {isa = PBXFileReference; fileEncoding = 4; lastKnownFileType = sourcecode.c.h; path = avformat.h; sourceTree = "<group>"; };
		4C6A4CF11CEC5AE60027BAA8 /* avio.h */ = {isa = PBXFileReference; fileEncoding = 4; lastKnownFileType = sourcecode.c.h; path = avio.h; sourceTree = "<group>"; };
		4C6A4CF21CEC5AE60027BAA8 /* internal.h */ = {isa = PBXFileReference; fileEncoding = 4; lastKnownFileType = sourcecode.c.h; path = internal.h; sourceTree = "<group>"; };
		4C6A4CF31CEC5AE60027BAA8 /* url.h */ = {isa = PBXFileReference; fileEncoding = 4; lastKnownFileType = sourcecode.c.h; path = url.h; sourceTree = "<group>"; };
		4C6A4CF41CEC5AE60027BAA8 /* version.h */ = {isa = PBXFileReference; fileEncoding = 4; lastKnownFileType = sourcecode.c.h; path = version.h; sourceTree = "<group>"; };
		4C6A4CF61CEC5AE60027BAA8 /* adler32.h */ = {isa = PBXFileReference; fileEncoding = 4; lastKnownFileType = sourcecode.c.h; path = adler32.h; sourceTree = "<group>"; };
		4C6A4CF71CEC5AE60027BAA8 /* aes.h */ = {isa = PBXFileReference; fileEncoding = 4; lastKnownFileType = sourcecode.c.h; path = aes.h; sourceTree = "<group>"; };
		4C6A4CF91CEC5AE60027BAA8 /* avconfig.h */ = {isa = PBXFileReference; fileEncoding = 4; lastKnownFileType = sourcecode.c.h; path = avconfig.h; sourceTree = "<group>"; };
		4C6A4CFA1CEC5AE60027BAA8 /* ffversion.h */ = {isa = PBXFileReference; fileEncoding = 4; lastKnownFileType = sourcecode.c.h; path = ffversion.h; sourceTree = "<group>"; };
		4C6A4CFC1CEC5AE60027BAA8 /* avconfig.h */ = {isa = PBXFileReference; fileEncoding = 4; lastKnownFileType = sourcecode.c.h; path = avconfig.h; sourceTree = "<group>"; };
		4C6A4CFD1CEC5AE60027BAA8 /* ffversion.h */ = {isa = PBXFileReference; fileEncoding = 4; lastKnownFileType = sourcecode.c.h; path = ffversion.h; sourceTree = "<group>"; };
		4C6A4CFE1CEC5AE60027BAA8 /* attributes.h */ = {isa = PBXFileReference; fileEncoding = 4; lastKnownFileType = sourcecode.c.h; path = attributes.h; sourceTree = "<group>"; };
		4C6A4CFF1CEC5AE60027BAA8 /* audio_fifo.h */ = {isa = PBXFileReference; fileEncoding = 4; lastKnownFileType = sourcecode.c.h; path = audio_fifo.h; sourceTree = "<group>"; };
		4C6A4D001CEC5AE60027BAA8 /* audioconvert.h */ = {isa = PBXFileReference; fileEncoding = 4; lastKnownFileType = sourcecode.c.h; path = audioconvert.h; sourceTree = "<group>"; };
		4C6A4D011CEC5AE60027BAA8 /* avassert.h */ = {isa = PBXFileReference; fileEncoding = 4; lastKnownFileType = sourcecode.c.h; path = avassert.h; sourceTree = "<group>"; };
		4C6A4D021CEC5AE60027BAA8 /* avconfig.h */ = {isa = PBXFileReference; fileEncoding = 4; lastKnownFileType = sourcecode.c.h; path = avconfig.h; sourceTree = "<group>"; };
		4C6A4D031CEC5AE60027BAA8 /* avstring.h */ = {isa = PBXFileReference; fileEncoding = 4; lastKnownFileType = sourcecode.c.h; path = avstring.h; sourceTree = "<group>"; };
		4C6A4D041CEC5AE60027BAA8 /* avutil.h */ = {isa = PBXFileReference; fileEncoding = 4; lastKnownFileType = sourcecode.c.h; path = avutil.h; sourceTree = "<group>"; };
		4C6A4D051CEC5AE60027BAA8 /* base64.h */ = {isa = PBXFileReference; fileEncoding = 4; lastKnownFileType = sourcecode.c.h; path = base64.h; sourceTree = "<group>"; };
		4C6A4D061CEC5AE60027BAA8 /* blowfish.h */ = {isa = PBXFileReference; fileEncoding = 4; lastKnownFileType = sourcecode.c.h; path = blowfish.h; sourceTree = "<group>"; };
		4C6A4D071CEC5AE60027BAA8 /* bprint.h */ = {isa = PBXFileReference; fileEncoding = 4; lastKnownFileType = sourcecode.c.h; path = bprint.h; sourceTree = "<group>"; };
		4C6A4D081CEC5AE60027BAA8 /* bswap.h */ = {isa = PBXFileReference; fileEncoding = 4; lastKnownFileType = sourcecode.c.h; path = bswap.h; sourceTree = "<group>"; };
		4C6A4D091CEC5AE60027BAA8 /* buffer.h */ = {isa = PBXFileReference; fileEncoding = 4; lastKnownFileType = sourcecode.c.h; path = buffer.h; sourceTree = "<group>"; };
		4C6A4D0A1CEC5AE60027BAA8 /* camellia.h */ = {isa = PBXFileReference; fileEncoding = 4; lastKnownFileType = sourcecode.c.h; path = camellia.h; sourceTree = "<group>"; };
		4C6A4D0B1CEC5AE60027BAA8 /* cast5.h */ = {isa = PBXFileReference; fileEncoding = 4; lastKnownFileType = sourcecode.c.h; path = cast5.h; sourceTree = "<group>"; };
		4C6A4D0C1CEC5AE60027BAA8 /* channel_layout.h */ = {isa = PBXFileReference; fileEncoding = 4; lastKnownFileType = sourcecode.c.h; path = channel_layout.h; sourceTree = "<group>"; };
		4C6A4D0D1CEC5AE60027BAA8 /* common.h */ = {isa = PBXFileReference; fileEncoding = 4; lastKnownFileType = sourcecode.c.h; path = common.h; sourceTree = "<group>"; };
		4C6A4D0E1CEC5AE60027BAA8 /* cpu.h */ = {isa = PBXFileReference; fileEncoding = 4; lastKnownFileType = sourcecode.c.h; path = cpu.h; sourceTree = "<group>"; };
		4C6A4D0F1CEC5AE60027BAA8 /* crc.h */ = {isa = PBXFileReference; fileEncoding = 4; lastKnownFileType = sourcecode.c.h; path = crc.h; sourceTree = "<group>"; };
		4C6A4D101CEC5AE60027BAA8 /* dict.h */ = {isa = PBXFileReference; fileEncoding = 4; lastKnownFileType = sourcecode.c.h; path = dict.h; sourceTree = "<group>"; };
		4C6A4D111CEC5AE60027BAA8 /* display.h */ = {isa = PBXFileReference; fileEncoding = 4; lastKnownFileType = sourcecode.c.h; path = display.h; sourceTree = "<group>"; };
		4C6A4D121CEC5AE60027BAA8 /* downmix_info.h */ = {isa = PBXFileReference; fileEncoding = 4; lastKnownFileType = sourcecode.c.h; path = downmix_info.h; sourceTree = "<group>"; };
		4C6A4D131CEC5AE60027BAA8 /* error.h */ = {isa = PBXFileReference; fileEncoding = 4; lastKnownFileType = sourcecode.c.h; path = error.h; sourceTree = "<group>"; };
		4C6A4D141CEC5AE60027BAA8 /* eval.h */ = {isa = PBXFileReference; fileEncoding = 4; lastKnownFileType = sourcecode.c.h; path = eval.h; sourceTree = "<group>"; };
		4C6A4D151CEC5AE60027BAA8 /* ffversion.h */ = {isa = PBXFileReference; fileEncoding = 4; lastKnownFileType = sourcecode.c.h; path = ffversion.h; sourceTree = "<group>"; };
		4C6A4D161CEC5AE60027BAA8 /* fifo.h */ = {isa = PBXFileReference; fileEncoding = 4; lastKnownFileType = sourcecode.c.h; path = fifo.h; sourceTree = "<group>"; };
		4C6A4D171CEC5AE60027BAA8 /* file.h */ = {isa = PBXFileReference; fileEncoding = 4; lastKnownFileType = sourcecode.c.h; path = file.h; sourceTree = "<group>"; };
		4C6A4D181CEC5AE60027BAA8 /* frame.h */ = {isa = PBXFileReference; fileEncoding = 4; lastKnownFileType = sourcecode.c.h; path = frame.h; sourceTree = "<group>"; };
		4C6A4D191CEC5AE60027BAA8 /* hash.h */ = {isa = PBXFileReference; fileEncoding = 4; lastKnownFileType = sourcecode.c.h; path = hash.h; sourceTree = "<group>"; };
		4C6A4D1A1CEC5AE60027BAA8 /* hmac.h */ = {isa = PBXFileReference; fileEncoding = 4; lastKnownFileType = sourcecode.c.h; path = hmac.h; sourceTree = "<group>"; };
		4C6A4D1C1CEC5AE60027BAA8 /* avconfig.h */ = {isa = PBXFileReference; fileEncoding = 4; lastKnownFileType = sourcecode.c.h; path = avconfig.h; sourceTree = "<group>"; };
		4C6A4D1D1CEC5AE60027BAA8 /* ffversion.h */ = {isa = PBXFileReference; fileEncoding = 4; lastKnownFileType = sourcecode.c.h; path = ffversion.h; sourceTree = "<group>"; };
		4C6A4D1E1CEC5AE60027BAA8 /* imgutils.h */ = {isa = PBXFileReference; fileEncoding = 4; lastKnownFileType = sourcecode.c.h; path = imgutils.h; sourceTree = "<group>"; };
		4C6A4D1F1CEC5AE60027BAA8 /* intfloat.h */ = {isa = PBXFileReference; fileEncoding = 4; lastKnownFileType = sourcecode.c.h; path = intfloat.h; sourceTree = "<group>"; };
		4C6A4D201CEC5AE60027BAA8 /* intreadwrite.h */ = {isa = PBXFileReference; fileEncoding = 4; lastKnownFileType = sourcecode.c.h; path = intreadwrite.h; sourceTree = "<group>"; };
		4C6A4D211CEC5AE60027BAA8 /* lfg.h */ = {isa = PBXFileReference; fileEncoding = 4; lastKnownFileType = sourcecode.c.h; path = lfg.h; sourceTree = "<group>"; };
		4C6A4D221CEC5AE60027BAA8 /* log.h */ = {isa = PBXFileReference; fileEncoding = 4; lastKnownFileType = sourcecode.c.h; path = log.h; sourceTree = "<group>"; };
		4C6A4D231CEC5AE60027BAA8 /* macros.h */ = {isa = PBXFileReference; fileEncoding = 4; lastKnownFileType = sourcecode.c.h; path = macros.h; sourceTree = "<group>"; };
		4C6A4D241CEC5AE60027BAA8 /* mathematics.h */ = {isa = PBXFileReference; fileEncoding = 4; lastKnownFileType = sourcecode.c.h; path = mathematics.h; sourceTree = "<group>"; };
		4C6A4D251CEC5AE60027BAA8 /* md5.h */ = {isa = PBXFileReference; fileEncoding = 4; lastKnownFileType = sourcecode.c.h; path = md5.h; sourceTree = "<group>"; };
		4C6A4D261CEC5AE60027BAA8 /* mem.h */ = {isa = PBXFileReference; fileEncoding = 4; lastKnownFileType = sourcecode.c.h; path = mem.h; sourceTree = "<group>"; };
		4C6A4D271CEC5AE60027BAA8 /* motion_vector.h */ = {isa = PBXFileReference; fileEncoding = 4; lastKnownFileType = sourcecode.c.h; path = motion_vector.h; sourceTree = "<group>"; };
		4C6A4D281CEC5AE60027BAA8 /* murmur3.h */ = {isa = PBXFileReference; fileEncoding = 4; lastKnownFileType = sourcecode.c.h; path = murmur3.h; sourceTree = "<group>"; };
		4C6A4D291CEC5AE60027BAA8 /* old_pix_fmts.h */ = {isa = PBXFileReference; fileEncoding = 4; lastKnownFileType = sourcecode.c.h; path = old_pix_fmts.h; sourceTree = "<group>"; };
		4C6A4D2A1CEC5AE60027BAA8 /* opt.h */ = {isa = PBXFileReference; fileEncoding = 4; lastKnownFileType = sourcecode.c.h; path = opt.h; sourceTree = "<group>"; };
		4C6A4D2B1CEC5AE60027BAA8 /* parseutils.h */ = {isa = PBXFileReference; fileEncoding = 4; lastKnownFileType = sourcecode.c.h; path = parseutils.h; sourceTree = "<group>"; };
		4C6A4D2C1CEC5AE60027BAA8 /* pixdesc.h */ = {isa = PBXFileReference; fileEncoding = 4; lastKnownFileType = sourcecode.c.h; path = pixdesc.h; sourceTree = "<group>"; };
		4C6A4D2D1CEC5AE60027BAA8 /* pixelutils.h */ = {isa = PBXFileReference; fileEncoding = 4; lastKnownFileType = sourcecode.c.h; path = pixelutils.h; sourceTree = "<group>"; };
		4C6A4D2E1CEC5AE60027BAA8 /* pixfmt.h */ = {isa = PBXFileReference; fileEncoding = 4; lastKnownFileType = sourcecode.c.h; path = pixfmt.h; sourceTree = "<group>"; };
		4C6A4D2F1CEC5AE60027BAA8 /* random_seed.h */ = {isa = PBXFileReference; fileEncoding = 4; lastKnownFileType = sourcecode.c.h; path = random_seed.h; sourceTree = "<group>"; };
		4C6A4D301CEC5AE60027BAA8 /* rational.h */ = {isa = PBXFileReference; fileEncoding = 4; lastKnownFileType = sourcecode.c.h; path = rational.h; sourceTree = "<group>"; };
		4C6A4D311CEC5AE60027BAA8 /* replaygain.h */ = {isa = PBXFileReference; fileEncoding = 4; lastKnownFileType = sourcecode.c.h; path = replaygain.h; sourceTree = "<group>"; };
		4C6A4D321CEC5AE60027BAA8 /* ripemd.h */ = {isa = PBXFileReference; fileEncoding = 4; lastKnownFileType = sourcecode.c.h; path = ripemd.h; sourceTree = "<group>"; };
		4C6A4D331CEC5AE60027BAA8 /* samplefmt.h */ = {isa = PBXFileReference; fileEncoding = 4; lastKnownFileType = sourcecode.c.h; path = samplefmt.h; sourceTree = "<group>"; };
		4C6A4D341CEC5AE60027BAA8 /* sha.h */ = {isa = PBXFileReference; fileEncoding = 4; lastKnownFileType = sourcecode.c.h; path = sha.h; sourceTree = "<group>"; };
		4C6A4D351CEC5AE60027BAA8 /* sha512.h */ = {isa = PBXFileReference; fileEncoding = 4; lastKnownFileType = sourcecode.c.h; path = sha512.h; sourceTree = "<group>"; };
		4C6A4D361CEC5AE60027BAA8 /* stereo3d.h */ = {isa = PBXFileReference; fileEncoding = 4; lastKnownFileType = sourcecode.c.h; path = stereo3d.h; sourceTree = "<group>"; };
		4C6A4D371CEC5AE60027BAA8 /* tea.h */ = {isa = PBXFileReference; fileEncoding = 4; lastKnownFileType = sourcecode.c.h; path = tea.h; sourceTree = "<group>"; };
		4C6A4D381CEC5AE60027BAA8 /* thread.h */ = {isa = PBXFileReference; fileEncoding = 4; lastKnownFileType = sourcecode.c.h; path = thread.h; sourceTree = "<group>"; };
		4C6A4D391CEC5AE60027BAA8 /* threadmessage.h */ = {isa = PBXFileReference; fileEncoding = 4; lastKnownFileType = sourcecode.c.h; path = threadmessage.h; sourceTree = "<group>"; };
		4C6A4D3A1CEC5AE60027BAA8 /* time.h */ = {isa = PBXFileReference; fileEncoding = 4; lastKnownFileType = sourcecode.c.h; path = time.h; sourceTree = "<group>"; };
		4C6A4D3B1CEC5AE60027BAA8 /* timecode.h */ = {isa = PBXFileReference; fileEncoding = 4; lastKnownFileType = sourcecode.c.h; path = timecode.h; sourceTree = "<group>"; };
		4C6A4D3C1CEC5AE60027BAA8 /* timestamp.h */ = {isa = PBXFileReference; fileEncoding = 4; lastKnownFileType = sourcecode.c.h; path = timestamp.h; sourceTree = "<group>"; };
		4C6A4D3D1CEC5AE60027BAA8 /* twofish.h */ = {isa = PBXFileReference; fileEncoding = 4; lastKnownFileType = sourcecode.c.h; path = twofish.h; sourceTree = "<group>"; };
		4C6A4D3E1CEC5AE60027BAA8 /* version.h */ = {isa = PBXFileReference; fileEncoding = 4; lastKnownFileType = sourcecode.c.h; path = version.h; sourceTree = "<group>"; };
		4C6A4D401CEC5AE60027BAA8 /* avconfig.h */ = {isa = PBXFileReference; fileEncoding = 4; lastKnownFileType = sourcecode.c.h; path = avconfig.h; sourceTree = "<group>"; };
		4C6A4D411CEC5AE60027BAA8 /* ffversion.h */ = {isa = PBXFileReference; fileEncoding = 4; lastKnownFileType = sourcecode.c.h; path = ffversion.h; sourceTree = "<group>"; };
		4C6A4D421CEC5AE60027BAA8 /* xtea.h */ = {isa = PBXFileReference; fileEncoding = 4; lastKnownFileType = sourcecode.c.h; path = xtea.h; sourceTree = "<group>"; };
		4C6A4D451CEC5AE60027BAA8 /* config.h */ = {isa = PBXFileReference; fileEncoding = 4; lastKnownFileType = sourcecode.c.h; path = config.h; sourceTree = "<group>"; };
		4C6A4D471CEC5AE60027BAA8 /* config.h */ = {isa = PBXFileReference; fileEncoding = 4; lastKnownFileType = sourcecode.c.h; path = config.h; sourceTree = "<group>"; };
		4C6A4D481CEC5AE60027BAA8 /* config.h */ = {isa = PBXFileReference; fileEncoding = 4; lastKnownFileType = sourcecode.c.h; path = config.h; sourceTree = "<group>"; };
		4C6A4D4A1CEC5AE60027BAA8 /* config.h */ = {isa = PBXFileReference; fileEncoding = 4; lastKnownFileType = sourcecode.c.h; path = config.h; sourceTree = "<group>"; };
		4C6A4D4C1CEC5AE60027BAA8 /* config.h */ = {isa = PBXFileReference; fileEncoding = 4; lastKnownFileType = sourcecode.c.h; path = config.h; sourceTree = "<group>"; };
		4C6A4D4E1CEC5AE60027BAA8 /* swresample.h */ = {isa = PBXFileReference; fileEncoding = 4; lastKnownFileType = sourcecode.c.h; path = swresample.h; sourceTree = "<group>"; };
		4C6A4D4F1CEC5AE60027BAA8 /* version.h */ = {isa = PBXFileReference; fileEncoding = 4; lastKnownFileType = sourcecode.c.h; path = version.h; sourceTree = "<group>"; };
		4C6A4D511CEC5AE60027BAA8 /* swscale.h */ = {isa = PBXFileReference; fileEncoding = 4; lastKnownFileType = sourcecode.c.h; path = swscale.h; sourceTree = "<group>"; };
		4C6A4D521CEC5AE60027BAA8 /* version.h */ = {isa = PBXFileReference; fileEncoding = 4; lastKnownFileType = sourcecode.c.h; path = version.h; sourceTree = "<group>"; };
		4C6A4D541CEC5AE70027BAA8 /* libavcodec.a */ = {isa = PBXFileReference; lastKnownFileType = archive.ar; path = libavcodec.a; sourceTree = "<group>"; };
		4C6A4D551CEC5AE70027BAA8 /* libavfilter.a */ = {isa = PBXFileReference; lastKnownFileType = archive.ar; path = libavfilter.a; sourceTree = "<group>"; };
		4C6A4D561CEC5AE70027BAA8 /* libavformat.a */ = {isa = PBXFileReference; lastKnownFileType = archive.ar; path = libavformat.a; sourceTree = "<group>"; };
		4C6A4D571CEC5AE70027BAA8 /* libavutil.a */ = {isa = PBXFileReference; lastKnownFileType = archive.ar; path = libavutil.a; sourceTree = "<group>"; };
		4C6A4D581CEC5AE70027BAA8 /* libswresample.a */ = {isa = PBXFileReference; lastKnownFileType = archive.ar; path = libswresample.a; sourceTree = "<group>"; };
		4C6A4D591CEC5AE70027BAA8 /* libswscale.a */ = {isa = PBXFileReference; lastKnownFileType = archive.ar; path = libswscale.a; sourceTree = "<group>"; };
		4C6A4D651CEC5C7E0027BAA8 /* VideoToolbox.framework */ = {isa = PBXFileReference; lastKnownFileType = wrapper.framework; name = VideoToolbox.framework; path = System/Library/Frameworks/VideoToolbox.framework; sourceTree = SDKROOT; };
		4C6A4D671CEC5CA90027BAA8 /* libiconv.2.4.0.tbd */ = {isa = PBXFileReference; lastKnownFileType = "sourcecode.text-based-dylib-definition"; name = libiconv.2.4.0.tbd; path = usr/lib/libiconv.2.4.0.tbd; sourceTree = SDKROOT; };
		4C6A4D691CEC5CB10027BAA8 /* libz.1.1.3.tbd */ = {isa = PBXFileReference; lastKnownFileType = "sourcecode.text-based-dylib-definition"; name = libz.1.1.3.tbd; path = usr/lib/libz.1.1.3.tbd; sourceTree = SDKROOT; };
		4C6A4D6B1CEC5CB50027BAA8 /* libbz2.1.0.tbd */ = {isa = PBXFileReference; lastKnownFileType = "sourcecode.text-based-dylib-definition"; name = libbz2.1.0.tbd; path = usr/lib/libbz2.1.0.tbd; sourceTree = SDKROOT; };
		4C6A4D6E1CEC5D3C0027BAA8 /* PlayerController.h */ = {isa = PBXFileReference; fileEncoding = 4; lastKnownFileType = sourcecode.c.h; path = PlayerController.h; sourceTree = "<group>"; };
		4C6A4D6F1CEC5D3C0027BAA8 /* PlayerController.m */ = {isa = PBXFileReference; fileEncoding = 4; lastKnownFileType = sourcecode.c.objc; path = PlayerController.m; sourceTree = "<group>"; };
		4C6A4D711CEC5E210027BAA8 /* FFmpegHeader.h */ = {isa = PBXFileReference; lastKnownFileType = sourcecode.c.h; path = FFmpegHeader.h; sourceTree = "<group>"; };
		4C6A4D721CEC64C60027BAA8 /* VRPlayControlView.h */ = {isa = PBXFileReference; fileEncoding = 4; lastKnownFileType = sourcecode.c.h; path = VRPlayControlView.h; sourceTree = "<group>"; };
		4C6A4D731CEC64C60027BAA8 /* VRPlayControlView.m */ = {isa = PBXFileReference; fileEncoding = 4; lastKnownFileType = sourcecode.c.objc; path = VRPlayControlView.m; sourceTree = "<group>"; };
		4C6A4D761CEC658D0027BAA8 /* Info.plist */ = {isa = PBXFileReference; fileEncoding = 4; lastKnownFileType = text.plist.xml; path = Info.plist; sourceTree = "<group>"; };
		4C6A4D771CEC658D0027BAA8 /* MASCompositeConstraint.h */ = {isa = PBXFileReference; fileEncoding = 4; lastKnownFileType = sourcecode.c.h; path = MASCompositeConstraint.h; sourceTree = "<group>"; };
		4C6A4D781CEC658D0027BAA8 /* MASCompositeConstraint.m */ = {isa = PBXFileReference; fileEncoding = 4; lastKnownFileType = sourcecode.c.objc; path = MASCompositeConstraint.m; sourceTree = "<group>"; };
		4C6A4D791CEC658D0027BAA8 /* MASConstraint+Private.h */ = {isa = PBXFileReference; fileEncoding = 4; lastKnownFileType = sourcecode.c.h; path = "MASConstraint+Private.h"; sourceTree = "<group>"; };
		4C6A4D7A1CEC658D0027BAA8 /* MASConstraint.h */ = {isa = PBXFileReference; fileEncoding = 4; lastKnownFileType = sourcecode.c.h; path = MASConstraint.h; sourceTree = "<group>"; };
		4C6A4D7B1CEC658D0027BAA8 /* MASConstraint.m */ = {isa = PBXFileReference; fileEncoding = 4; lastKnownFileType = sourcecode.c.objc; path = MASConstraint.m; sourceTree = "<group>"; };
		4C6A4D7C1CEC658D0027BAA8 /* MASConstraintMaker.h */ = {isa = PBXFileReference; fileEncoding = 4; lastKnownFileType = sourcecode.c.h; path = MASConstraintMaker.h; sourceTree = "<group>"; };
		4C6A4D7D1CEC658D0027BAA8 /* MASConstraintMaker.m */ = {isa = PBXFileReference; fileEncoding = 4; lastKnownFileType = sourcecode.c.objc; path = MASConstraintMaker.m; sourceTree = "<group>"; };
		4C6A4D7E1CEC658D0027BAA8 /* MASLayoutConstraint.h */ = {isa = PBXFileReference; fileEncoding = 4; lastKnownFileType = sourcecode.c.h; path = MASLayoutConstraint.h; sourceTree = "<group>"; };
		4C6A4D7F1CEC658D0027BAA8 /* MASLayoutConstraint.m */ = {isa = PBXFileReference; fileEncoding = 4; lastKnownFileType = sourcecode.c.objc; path = MASLayoutConstraint.m; sourceTree = "<group>"; };
		4C6A4D801CEC658D0027BAA8 /* Masonry.h */ = {isa = PBXFileReference; fileEncoding = 4; lastKnownFileType = sourcecode.c.h; path = Masonry.h; sourceTree = "<group>"; };
		4C6A4D811CEC658D0027BAA8 /* MASUtilities.h */ = {isa = PBXFileReference; fileEncoding = 4; lastKnownFileType = sourcecode.c.h; path = MASUtilities.h; sourceTree = "<group>"; };
		4C6A4D821CEC658D0027BAA8 /* MASViewAttribute.h */ = {isa = PBXFileReference; fileEncoding = 4; lastKnownFileType = sourcecode.c.h; path = MASViewAttribute.h; sourceTree = "<group>"; };
		4C6A4D831CEC658D0027BAA8 /* MASViewAttribute.m */ = {isa = PBXFileReference; fileEncoding = 4; lastKnownFileType = sourcecode.c.objc; path = MASViewAttribute.m; sourceTree = "<group>"; };
		4C6A4D841CEC658D0027BAA8 /* MASViewConstraint.h */ = {isa = PBXFileReference; fileEncoding = 4; lastKnownFileType = sourcecode.c.h; path = MASViewConstraint.h; sourceTree = "<group>"; };
		4C6A4D851CEC658D0027BAA8 /* MASViewConstraint.m */ = {isa = PBXFileReference; fileEncoding = 4; lastKnownFileType = sourcecode.c.objc; path = MASViewConstraint.m; sourceTree = "<group>"; };
		4C6A4D861CEC658D0027BAA8 /* NSArray+MASAdditions.h */ = {isa = PBXFileReference; fileEncoding = 4; lastKnownFileType = sourcecode.c.h; path = "NSArray+MASAdditions.h"; sourceTree = "<group>"; };
		4C6A4D871CEC658D0027BAA8 /* NSArray+MASAdditions.m */ = {isa = PBXFileReference; fileEncoding = 4; lastKnownFileType = sourcecode.c.objc; path = "NSArray+MASAdditions.m"; sourceTree = "<group>"; };
		4C6A4D881CEC658D0027BAA8 /* NSArray+MASShorthandAdditions.h */ = {isa = PBXFileReference; fileEncoding = 4; lastKnownFileType = sourcecode.c.h; path = "NSArray+MASShorthandAdditions.h"; sourceTree = "<group>"; };
		4C6A4D891CEC658D0027BAA8 /* NSLayoutConstraint+MASDebugAdditions.h */ = {isa = PBXFileReference; fileEncoding = 4; lastKnownFileType = sourcecode.c.h; path = "NSLayoutConstraint+MASDebugAdditions.h"; sourceTree = "<group>"; };
		4C6A4D8A1CEC658D0027BAA8 /* NSLayoutConstraint+MASDebugAdditions.m */ = {isa = PBXFileReference; fileEncoding = 4; lastKnownFileType = sourcecode.c.objc; path = "NSLayoutConstraint+MASDebugAdditions.m"; sourceTree = "<group>"; };
		4C6A4D8B1CEC658D0027BAA8 /* View+MASAdditions.h */ = {isa = PBXFileReference; fileEncoding = 4; lastKnownFileType = sourcecode.c.h; path = "View+MASAdditions.h"; sourceTree = "<group>"; };
		4C6A4D8C1CEC658D0027BAA8 /* View+MASAdditions.m */ = {isa = PBXFileReference; fileEncoding = 4; lastKnownFileType = sourcecode.c.objc; path = "View+MASAdditions.m"; sourceTree = "<group>"; };
		4C6A4D8D1CEC658D0027BAA8 /* View+MASShorthandAdditions.h */ = {isa = PBXFileReference; fileEncoding = 4; lastKnownFileType = sourcecode.c.h; path = "View+MASShorthandAdditions.h"; sourceTree = "<group>"; };
		4C6A4D8E1CEC658D0027BAA8 /* ViewController+MASAdditions.h */ = {isa = PBXFileReference; fileEncoding = 4; lastKnownFileType = sourcecode.c.h; path = "ViewController+MASAdditions.h"; sourceTree = "<group>"; };
		4C6A4D8F1CEC658D0027BAA8 /* ViewController+MASAdditions.m */ = {isa = PBXFileReference; fileEncoding = 4; lastKnownFileType = sourcecode.c.objc; path = "ViewController+MASAdditions.m"; sourceTree = "<group>"; };
		4C6A4D9C1CEC68610027BAA8 /* KBPlayerHeader.h */ = {isa = PBXFileReference; lastKnownFileType = sourcecode.c.h; path = KBPlayerHeader.h; sourceTree = "<group>"; };
		4C6A4D9D1CEC687C0027BAA8 /* KBFunctionHeader.h */ = {isa = PBXFileReference; lastKnownFileType = sourcecode.c.h; path = KBFunctionHeader.h; sourceTree = "<group>"; };
		4C8612981CF3F01200527C0F /* KBPlayerController4_0.h */ = {isa = PBXFileReference; fileEncoding = 4; lastKnownFileType = sourcecode.c.h; path = KBPlayerController4_0.h; sourceTree = "<group>"; };
		4C8612991CF3F01200527C0F /* KBPlayerController4_0.m */ = {isa = PBXFileReference; fileEncoding = 4; lastKnownFileType = sourcecode.c.objc; path = KBPlayerController4_0.m; sourceTree = "<group>"; };
		4C86129B1CF3F02C00527C0F /* KBFFmpegHeader4_0.h */ = {isa = PBXFileReference; lastKnownFileType = sourcecode.c.h; path = KBFFmpegHeader4_0.h; sourceTree = "<group>"; };
		4C8612A31CF4537300527C0F /* KBPlayerController5_0.h */ = {isa = PBXFileReference; fileEncoding = 4; lastKnownFileType = sourcecode.c.h; path = KBPlayerController5_0.h; sourceTree = "<group>"; };
		4C8612A41CF4537300527C0F /* KBPlayerController5_0.m */ = {isa = PBXFileReference; fileEncoding = 4; lastKnownFileType = sourcecode.c.objc; path = KBPlayerController5_0.m; sourceTree = "<group>"; };
		4C8612A61CF4538600527C0F /* KBFFmpegHeader5_0.h */ = {isa = PBXFileReference; lastKnownFileType = sourcecode.c.h; path = KBFFmpegHeader5_0.h; sourceTree = "<group>"; };
		4C86C65A1CED5E4D00F3CD4C /* cuc_ieschool.flv */ = {isa = PBXFileReference; lastKnownFileType = file; path = cuc_ieschool.flv; sourceTree = "<group>"; };
/* End PBXFileReference section */

/* Begin PBXFrameworksBuildPhase section */
		4C6A4C9C1CEC4EF20027BAA8 /* Frameworks */ = {
			isa = PBXFrameworksBuildPhase;
			buildActionMask = 2147483647;
			files = (
				4C6A4D6C1CEC5CB50027BAA8 /* libbz2.1.0.tbd in Frameworks */,
				4C6A4D6A1CEC5CB10027BAA8 /* libz.1.1.3.tbd in Frameworks */,
				4C6A4D681CEC5CA90027BAA8 /* libiconv.2.4.0.tbd in Frameworks */,
				4C6A4D661CEC5C7E0027BAA8 /* VideoToolbox.framework in Frameworks */,
				4C6A4D5F1CEC5AE70027BAA8 /* libswscale.a in Frameworks */,
				4C6A4D5C1CEC5AE70027BAA8 /* libavformat.a in Frameworks */,
				4C6A4D5E1CEC5AE70027BAA8 /* libswresample.a in Frameworks */,
				4C6A4D5B1CEC5AE70027BAA8 /* libavfilter.a in Frameworks */,
				4C6A4D5D1CEC5AE70027BAA8 /* libavutil.a in Frameworks */,
				4C6A4D5A1CEC5AE70027BAA8 /* libavcodec.a in Frameworks */,
			);
			runOnlyForDeploymentPostprocessing = 0;
		};
		4C6A4CB51CEC4EF30027BAA8 /* Frameworks */ = {
			isa = PBXFrameworksBuildPhase;
			buildActionMask = 2147483647;
			files = (
			);
			runOnlyForDeploymentPostprocessing = 0;
		};
		4C6A4CC01CEC4EF30027BAA8 /* Frameworks */ = {
			isa = PBXFrameworksBuildPhase;
			buildActionMask = 2147483647;
			files = (
			);
			runOnlyForDeploymentPostprocessing = 0;
		};
/* End PBXFrameworksBuildPhase section */

/* Begin PBXGroup section */
		4C07F81C1CF707EF00382BAD /* 6_0 */ = {
			isa = PBXGroup;
			children = (
				4C07F81D1CF7084E00382BAD /* KBFFmpegHeader6_0.h */,
				4C07F81E1CF7087500382BAD /* KBPlayerController6_0.h */,
				4C07F81F1CF7087500382BAD /* KBPlayerController6_0.m */,
				4C07F8211CF708BA00382BAD /* KBPlayer.h */,
				4C07F8221CF708BA00382BAD /* KBPlayer.m */,
			);
			name = 6_0;
			sourceTree = "<group>";
		};
		4C17BB2D1CEEF2ED008464E0 /* 2_0 */ = {
			isa = PBXGroup;
			children = (
				4C17BB2E1CEEF317008464E0 /* KBPlayerController2_0.h */,
				4C17BB2F1CEEF317008464E0 /* KBPlayerController2_0.m */,
			);
			name = 2_0;
			sourceTree = "<group>";
		};
		4C1DDD591CF2C96A003AA4C2 /* 3_0 */ = {
			isa = PBXGroup;
			children = (
				4C1DDD5A1CF2C99F003AA4C2 /* KBPlayerController3_0.h */,
				4C1DDD5B1CF2C99F003AA4C2 /* KBPlayerController3_0.m */,
				4C1DDD5D1CF2D667003AA4C2 /* KBFFmpegHeader3_0.h */,
			);
			name = 3_0;
			sourceTree = "<group>";
		};
		4C51810F1D10FB84001D62A8 /* 9_0 */ = {
			isa = PBXGroup;
			children = (
				4C5181101D10FC77001D62A8 /* KBPlayer9_0.h */,
				4C5181111D10FC77001D62A8 /* KBPlayer9_0.m */,
				4C5181131D10FC97001D62A8 /* KBPlayerController9_0.h */,
				4C5181141D10FC97001D62A8 /* KBPlayerController9_0.m */,
				4C5181161D113727001D62A8 /* AAPLEAGLLayer.h */,
				4C5181171D113727001D62A8 /* AAPLEAGLLayer.m */,
			);
			name = 9_0;
			sourceTree = "<group>";
		};
		4C5B297E1CF810580000ECCD /* 7_0 */ = {
			isa = PBXGroup;
			children = (
				4C5B29861CF8215B0000ECCD /* KBPlayer7_0.h */,
				4C5B29871CF8215B0000ECCD /* KBPlayer7_0.m */,
				4C5B29891CF821AF0000ECCD /* KBPlayerController7_0.h */,
				4C5B298A1CF821AF0000ECCD /* KBPlayerController7_0.m */,
			);
			name = 7_0;
			sourceTree = "<group>";
		};
		4C5B29931CF8315B0000ECCD /* 8_0 */ = {
			isa = PBXGroup;
			children = (
				4C5B29941CF8319B0000ECCD /* KBPlayer8_0.h */,
				4C5B29951CF8319B0000ECCD /* KBPlayer8_0.m */,
				4C5B29971CF831B90000ECCD /* KBPlayerController8_0.h */,
				4C5B29981CF831B90000ECCD /* KBPlayerController8_0.m */,
			);
			name = 8_0;
			sourceTree = "<group>";
		};
		4C6A4C961CEC4EF20027BAA8 = {
			isa = PBXGroup;
			children = (
				4C6A4CA11CEC4EF20027BAA8 /* KBPlayer */,
				4C6A4CBB1CEC4EF30027BAA8 /* KBPlayerTests */,
				4C6A4CC61CEC4EF30027BAA8 /* KBPlayerUITests */,
				4C6A4CA01CEC4EF20027BAA8 /* Products */,
			);
			sourceTree = "<group>";
		};
		4C6A4CA01CEC4EF20027BAA8 /* Products */ = {
			isa = PBXGroup;
			children = (
				4C6A4C9F1CEC4EF20027BAA8 /* KBPlayer.app */,
				4C6A4CB81CEC4EF30027BAA8 /* KBPlayerTests.xctest */,
				4C6A4CC31CEC4EF30027BAA8 /* KBPlayerUITests.xctest */,
			);
			name = Products;
			sourceTree = "<group>";
		};
		4C6A4CA11CEC4EF20027BAA8 /* KBPlayer */ = {
			isa = PBXGroup;
			children = (
				4C6A4D6D1CEC5CE90027BAA8 /* KBPlayer */,
				4C6A4CA51CEC4EF20027BAA8 /* AppDelegate.h */,
				4C6A4CA61CEC4EF20027BAA8 /* AppDelegate.m */,
				4C6A4CA81CEC4EF30027BAA8 /* ViewController.h */,
				4C6A4CA91CEC4EF30027BAA8 /* ViewController.m */,
				4C6A4D6E1CEC5D3C0027BAA8 /* PlayerController.h */,
				4C6A4D6F1CEC5D3C0027BAA8 /* PlayerController.m */,
				4C17BB2D1CEEF2ED008464E0 /* 2_0 */,
				4C1DDD591CF2C96A003AA4C2 /* 3_0 */,
				4C8612971CF3EDFC00527C0F /* 4_0 */,
				4C8612A21CF4533A00527C0F /* 5_0 */,
				4C07F81C1CF707EF00382BAD /* 6_0 */,
				4C5B297E1CF810580000ECCD /* 7_0 */,
				4C5B29931CF8315B0000ECCD /* 8_0 */,
				4C51810F1D10FB84001D62A8 /* 9_0 */,
				4C6A4D721CEC64C60027BAA8 /* VRPlayControlView.h */,
				4C6A4D731CEC64C60027BAA8 /* VRPlayControlView.m */,
				4C6A4CAB1CEC4EF30027BAA8 /* Main.storyboard */,
				4C6A4CAE1CEC4EF30027BAA8 /* Assets.xcassets */,
				4C6A4CB01CEC4EF30027BAA8 /* LaunchScreen.storyboard */,
				4C6A4CB31CEC4EF30027BAA8 /* Info.plist */,
				4C6A4CA21CEC4EF20027BAA8 /* Supporting Files */,
			);
			path = KBPlayer;
			sourceTree = "<group>";
		};
		4C6A4CA21CEC4EF20027BAA8 /* Supporting Files */ = {
			isa = PBXGroup;
			children = (
				4C17BB311CEF1EB4008464E0 /* ffplay.c */,
				4C1DDD571CF2A929003AA4C2 /* ffplay2.c */,
				4C86C65A1CED5E4D00F3CD4C /* cuc_ieschool.flv */,
				4C6A4D9B1CEC684B0027BAA8 /* KBHeader */,
				4C6A4D751CEC658D0027BAA8 /* Masonry */,
				4C6A4D621CEC5C560027BAA8 /* Framework */,
				4C6A4CD51CEC5AE60027BAA8 /* ffmpeg */,
				4C6A4CA31CEC4EF20027BAA8 /* main.m */,
			);
			name = "Supporting Files";
			sourceTree = "<group>";
		};
		4C6A4CBB1CEC4EF30027BAA8 /* KBPlayerTests */ = {
			isa = PBXGroup;
			children = (
				4C6A4CBC1CEC4EF30027BAA8 /* KBPlayerTests.m */,
				4C6A4CBE1CEC4EF30027BAA8 /* Info.plist */,
			);
			path = KBPlayerTests;
			sourceTree = "<group>";
		};
		4C6A4CC61CEC4EF30027BAA8 /* KBPlayerUITests */ = {
			isa = PBXGroup;
			children = (
				4C6A4CC71CEC4EF30027BAA8 /* KBPlayerUITests.m */,
				4C6A4CC91CEC4EF30027BAA8 /* Info.plist */,
			);
			path = KBPlayerUITests;
			sourceTree = "<group>";
		};
		4C6A4CD51CEC5AE60027BAA8 /* ffmpeg */ = {
			isa = PBXGroup;
			children = (
				4C6A4CD61CEC5AE60027BAA8 /* include */,
				4C6A4D531CEC5AE60027BAA8 /* lib */,
			);
			path = ffmpeg;
			sourceTree = "<group>";
		};
		4C6A4CD61CEC5AE60027BAA8 /* include */ = {
			isa = PBXGroup;
			children = (
				4C6A4CD71CEC5AE60027BAA8 /* libavcodec */,
				4C6A4CE61CEC5AE60027BAA8 /* libavfilter */,
				4C6A4CEE1CEC5AE60027BAA8 /* libavformat */,
				4C6A4CF51CEC5AE60027BAA8 /* libavutil */,
				4C6A4D431CEC5AE60027BAA8 /* libffmpeg */,
				4C6A4D4D1CEC5AE60027BAA8 /* libswresample */,
				4C6A4D501CEC5AE60027BAA8 /* libswscale */,
			);
			path = include;
			sourceTree = "<group>";
		};
		4C6A4CD71CEC5AE60027BAA8 /* libavcodec */ = {
			isa = PBXGroup;
			children = (
				4C6A4CD81CEC5AE60027BAA8 /* avcodec.h */,
				4C6A4CD91CEC5AE60027BAA8 /* avfft.h */,
				4C6A4CDA1CEC5AE60027BAA8 /* d3d11va.h */,
				4C6A4CDB1CEC5AE60027BAA8 /* dv_profile.h */,
				4C6A4CDC1CEC5AE60027BAA8 /* dxva2.h */,
				4C6A4CDD1CEC5AE60027BAA8 /* old_codec_ids.h */,
				4C6A4CDE1CEC5AE60027BAA8 /* qsv.h */,
				4C6A4CDF1CEC5AE60027BAA8 /* vaapi.h */,
				4C6A4CE01CEC5AE60027BAA8 /* vda.h */,
				4C6A4CE11CEC5AE60027BAA8 /* vdpau.h */,
				4C6A4CE21CEC5AE60027BAA8 /* version.h */,
				4C6A4CE31CEC5AE60027BAA8 /* videotoolbox.h */,
				4C6A4CE41CEC5AE60027BAA8 /* vorbis_parser.h */,
				4C6A4CE51CEC5AE60027BAA8 /* xvmc.h */,
			);
			path = libavcodec;
			sourceTree = "<group>";
		};
		4C6A4CE61CEC5AE60027BAA8 /* libavfilter */ = {
			isa = PBXGroup;
			children = (
				4C6A4CE71CEC5AE60027BAA8 /* asrc_abuffer.h */,
				4C6A4CE81CEC5AE60027BAA8 /* avcodec.h */,
				4C6A4CE91CEC5AE60027BAA8 /* avfilter.h */,
				4C6A4CEA1CEC5AE60027BAA8 /* avfiltergraph.h */,
				4C6A4CEB1CEC5AE60027BAA8 /* buffersink.h */,
				4C6A4CEC1CEC5AE60027BAA8 /* buffersrc.h */,
				4C6A4CED1CEC5AE60027BAA8 /* version.h */,
			);
			path = libavfilter;
			sourceTree = "<group>";
		};
		4C6A4CEE1CEC5AE60027BAA8 /* libavformat */ = {
			isa = PBXGroup;
			children = (
				4C6A4CEF1CEC5AE60027BAA8 /* avc.h */,
				4C6A4CF01CEC5AE60027BAA8 /* avformat.h */,
				4C6A4CF11CEC5AE60027BAA8 /* avio.h */,
				4C6A4CF21CEC5AE60027BAA8 /* internal.h */,
				4C6A4CF31CEC5AE60027BAA8 /* url.h */,
				4C6A4CF41CEC5AE60027BAA8 /* version.h */,
			);
			path = libavformat;
			sourceTree = "<group>";
		};
		4C6A4CF51CEC5AE60027BAA8 /* libavutil */ = {
			isa = PBXGroup;
			children = (
				4C6A4CF61CEC5AE60027BAA8 /* adler32.h */,
				4C6A4CF71CEC5AE60027BAA8 /* aes.h */,
				4C6A4CF81CEC5AE60027BAA8 /* arm64 */,
				4C6A4CFB1CEC5AE60027BAA8 /* armv7 */,
				4C6A4CFE1CEC5AE60027BAA8 /* attributes.h */,
				4C6A4CFF1CEC5AE60027BAA8 /* audio_fifo.h */,
				4C6A4D001CEC5AE60027BAA8 /* audioconvert.h */,
				4C6A4D011CEC5AE60027BAA8 /* avassert.h */,
				4C6A4D021CEC5AE60027BAA8 /* avconfig.h */,
				4C6A4D031CEC5AE60027BAA8 /* avstring.h */,
				4C6A4D041CEC5AE60027BAA8 /* avutil.h */,
				4C6A4D051CEC5AE60027BAA8 /* base64.h */,
				4C6A4D061CEC5AE60027BAA8 /* blowfish.h */,
				4C6A4D071CEC5AE60027BAA8 /* bprint.h */,
				4C6A4D081CEC5AE60027BAA8 /* bswap.h */,
				4C6A4D091CEC5AE60027BAA8 /* buffer.h */,
				4C6A4D0A1CEC5AE60027BAA8 /* camellia.h */,
				4C6A4D0B1CEC5AE60027BAA8 /* cast5.h */,
				4C6A4D0C1CEC5AE60027BAA8 /* channel_layout.h */,
				4C6A4D0D1CEC5AE60027BAA8 /* common.h */,
				4C6A4D0E1CEC5AE60027BAA8 /* cpu.h */,
				4C6A4D0F1CEC5AE60027BAA8 /* crc.h */,
				4C6A4D101CEC5AE60027BAA8 /* dict.h */,
				4C6A4D111CEC5AE60027BAA8 /* display.h */,
				4C6A4D121CEC5AE60027BAA8 /* downmix_info.h */,
				4C6A4D131CEC5AE60027BAA8 /* error.h */,
				4C6A4D141CEC5AE60027BAA8 /* eval.h */,
				4C6A4D151CEC5AE60027BAA8 /* ffversion.h */,
				4C6A4D161CEC5AE60027BAA8 /* fifo.h */,
				4C6A4D171CEC5AE60027BAA8 /* file.h */,
				4C6A4D181CEC5AE60027BAA8 /* frame.h */,
				4C6A4D191CEC5AE60027BAA8 /* hash.h */,
				4C6A4D1A1CEC5AE60027BAA8 /* hmac.h */,
				4C6A4D1B1CEC5AE60027BAA8 /* i386 */,
				4C6A4D1E1CEC5AE60027BAA8 /* imgutils.h */,
				4C6A4D1F1CEC5AE60027BAA8 /* intfloat.h */,
				4C6A4D201CEC5AE60027BAA8 /* intreadwrite.h */,
				4C6A4D211CEC5AE60027BAA8 /* lfg.h */,
				4C6A4D221CEC5AE60027BAA8 /* log.h */,
				4C6A4D231CEC5AE60027BAA8 /* macros.h */,
				4C6A4D241CEC5AE60027BAA8 /* mathematics.h */,
				4C6A4D251CEC5AE60027BAA8 /* md5.h */,
				4C6A4D261CEC5AE60027BAA8 /* mem.h */,
				4C6A4D271CEC5AE60027BAA8 /* motion_vector.h */,
				4C6A4D281CEC5AE60027BAA8 /* murmur3.h */,
				4C6A4D291CEC5AE60027BAA8 /* old_pix_fmts.h */,
				4C6A4D2A1CEC5AE60027BAA8 /* opt.h */,
				4C6A4D2B1CEC5AE60027BAA8 /* parseutils.h */,
				4C6A4D2C1CEC5AE60027BAA8 /* pixdesc.h */,
				4C6A4D2D1CEC5AE60027BAA8 /* pixelutils.h */,
				4C6A4D2E1CEC5AE60027BAA8 /* pixfmt.h */,
				4C6A4D2F1CEC5AE60027BAA8 /* random_seed.h */,
				4C6A4D301CEC5AE60027BAA8 /* rational.h */,
				4C6A4D311CEC5AE60027BAA8 /* replaygain.h */,
				4C6A4D321CEC5AE60027BAA8 /* ripemd.h */,
				4C6A4D331CEC5AE60027BAA8 /* samplefmt.h */,
				4C6A4D341CEC5AE60027BAA8 /* sha.h */,
				4C6A4D351CEC5AE60027BAA8 /* sha512.h */,
				4C6A4D361CEC5AE60027BAA8 /* stereo3d.h */,
				4C6A4D371CEC5AE60027BAA8 /* tea.h */,
				4C6A4D381CEC5AE60027BAA8 /* thread.h */,
				4C6A4D391CEC5AE60027BAA8 /* threadmessage.h */,
				4C6A4D3A1CEC5AE60027BAA8 /* time.h */,
				4C6A4D3B1CEC5AE60027BAA8 /* timecode.h */,
				4C6A4D3C1CEC5AE60027BAA8 /* timestamp.h */,
				4C6A4D3D1CEC5AE60027BAA8 /* twofish.h */,
				4C6A4D3E1CEC5AE60027BAA8 /* version.h */,
				4C6A4D3F1CEC5AE60027BAA8 /* x86_64 */,
				4C6A4D421CEC5AE60027BAA8 /* xtea.h */,
			);
			path = libavutil;
			sourceTree = "<group>";
		};
		4C6A4CF81CEC5AE60027BAA8 /* arm64 */ = {
			isa = PBXGroup;
			children = (
				4C6A4CF91CEC5AE60027BAA8 /* avconfig.h */,
				4C6A4CFA1CEC5AE60027BAA8 /* ffversion.h */,
			);
			path = arm64;
			sourceTree = "<group>";
		};
		4C6A4CFB1CEC5AE60027BAA8 /* armv7 */ = {
			isa = PBXGroup;
			children = (
				4C6A4CFC1CEC5AE60027BAA8 /* avconfig.h */,
				4C6A4CFD1CEC5AE60027BAA8 /* ffversion.h */,
			);
			path = armv7;
			sourceTree = "<group>";
		};
		4C6A4D1B1CEC5AE60027BAA8 /* i386 */ = {
			isa = PBXGroup;
			children = (
				4C6A4D1C1CEC5AE60027BAA8 /* avconfig.h */,
				4C6A4D1D1CEC5AE60027BAA8 /* ffversion.h */,
			);
			path = i386;
			sourceTree = "<group>";
		};
		4C6A4D3F1CEC5AE60027BAA8 /* x86_64 */ = {
			isa = PBXGroup;
			children = (
				4C6A4D401CEC5AE60027BAA8 /* avconfig.h */,
				4C6A4D411CEC5AE60027BAA8 /* ffversion.h */,
			);
			path = x86_64;
			sourceTree = "<group>";
		};
		4C6A4D431CEC5AE60027BAA8 /* libffmpeg */ = {
			isa = PBXGroup;
			children = (
				4C6A4D441CEC5AE60027BAA8 /* arm64 */,
				4C6A4D461CEC5AE60027BAA8 /* armv7 */,
				4C6A4D481CEC5AE60027BAA8 /* config.h */,
				4C6A4D491CEC5AE60027BAA8 /* i386 */,
				4C6A4D4B1CEC5AE60027BAA8 /* x86_64 */,
			);
			path = libffmpeg;
			sourceTree = "<group>";
		};
		4C6A4D441CEC5AE60027BAA8 /* arm64 */ = {
			isa = PBXGroup;
			children = (
				4C6A4D451CEC5AE60027BAA8 /* config.h */,
			);
			path = arm64;
			sourceTree = "<group>";
		};
		4C6A4D461CEC5AE60027BAA8 /* armv7 */ = {
			isa = PBXGroup;
			children = (
				4C6A4D471CEC5AE60027BAA8 /* config.h */,
			);
			path = armv7;
			sourceTree = "<group>";
		};
		4C6A4D491CEC5AE60027BAA8 /* i386 */ = {
			isa = PBXGroup;
			children = (
				4C6A4D4A1CEC5AE60027BAA8 /* config.h */,
			);
			path = i386;
			sourceTree = "<group>";
		};
		4C6A4D4B1CEC5AE60027BAA8 /* x86_64 */ = {
			isa = PBXGroup;
			children = (
				4C6A4D4C1CEC5AE60027BAA8 /* config.h */,
			);
			path = x86_64;
			sourceTree = "<group>";
		};
		4C6A4D4D1CEC5AE60027BAA8 /* libswresample */ = {
			isa = PBXGroup;
			children = (
				4C6A4D4E1CEC5AE60027BAA8 /* swresample.h */,
				4C6A4D4F1CEC5AE60027BAA8 /* version.h */,
			);
			path = libswresample;
			sourceTree = "<group>";
		};
		4C6A4D501CEC5AE60027BAA8 /* libswscale */ = {
			isa = PBXGroup;
			children = (
				4C6A4D511CEC5AE60027BAA8 /* swscale.h */,
				4C6A4D521CEC5AE60027BAA8 /* version.h */,
			);
			path = libswscale;
			sourceTree = "<group>";
		};
		4C6A4D531CEC5AE60027BAA8 /* lib */ = {
			isa = PBXGroup;
			children = (
				4C6A4D541CEC5AE70027BAA8 /* libavcodec.a */,
				4C6A4D551CEC5AE70027BAA8 /* libavfilter.a */,
				4C6A4D561CEC5AE70027BAA8 /* libavformat.a */,
				4C6A4D571CEC5AE70027BAA8 /* libavutil.a */,
				4C6A4D581CEC5AE70027BAA8 /* libswresample.a */,
				4C6A4D591CEC5AE70027BAA8 /* libswscale.a */,
			);
			path = lib;
			sourceTree = "<group>";
		};
		4C6A4D621CEC5C560027BAA8 /* Framework */ = {
			isa = PBXGroup;
			children = (
				4C6A4D6B1CEC5CB50027BAA8 /* libbz2.1.0.tbd */,
				4C6A4D691CEC5CB10027BAA8 /* libz.1.1.3.tbd */,
				4C6A4D671CEC5CA90027BAA8 /* libiconv.2.4.0.tbd */,
				4C6A4D651CEC5C7E0027BAA8 /* VideoToolbox.framework */,
			);
			name = Framework;
			sourceTree = "<group>";
		};
		4C6A4D6D1CEC5CE90027BAA8 /* KBPlayer */ = {
			isa = PBXGroup;
			children = (
				4C6A4D711CEC5E210027BAA8 /* FFmpegHeader.h */,
				4C1DDD561CF2A439003AA4C2 /* KBPlayerEnumHeaders.h */,
				4C17BB2A1CEEC30B008464E0 /* OpenGLView20.h */,
				4C17BB2B1CEEC311008464E0 /* OpenGLView20.m */,
				4C61B1FE1CFC385A0011201B /* PanormalOpenGLView.h */,
				4C61B1FF1CFC385A0011201B /* PanormalOpenGLView.m */,
				4C31C8541CF58B320012B679 /* CacheView.h */,
				4C31C8551CF58B320012B679 /* CacheView.m */,
			);
			path = KBPlayer;
			sourceTree = "<group>";
		};
		4C6A4D751CEC658D0027BAA8 /* Masonry */ = {
			isa = PBXGroup;
			children = (
				4C6A4D761CEC658D0027BAA8 /* Info.plist */,
				4C6A4D771CEC658D0027BAA8 /* MASCompositeConstraint.h */,
				4C6A4D781CEC658D0027BAA8 /* MASCompositeConstraint.m */,
				4C6A4D791CEC658D0027BAA8 /* MASConstraint+Private.h */,
				4C6A4D7A1CEC658D0027BAA8 /* MASConstraint.h */,
				4C6A4D7B1CEC658D0027BAA8 /* MASConstraint.m */,
				4C6A4D7C1CEC658D0027BAA8 /* MASConstraintMaker.h */,
				4C6A4D7D1CEC658D0027BAA8 /* MASConstraintMaker.m */,
				4C6A4D7E1CEC658D0027BAA8 /* MASLayoutConstraint.h */,
				4C6A4D7F1CEC658D0027BAA8 /* MASLayoutConstraint.m */,
				4C6A4D801CEC658D0027BAA8 /* Masonry.h */,
				4C6A4D811CEC658D0027BAA8 /* MASUtilities.h */,
				4C6A4D821CEC658D0027BAA8 /* MASViewAttribute.h */,
				4C6A4D831CEC658D0027BAA8 /* MASViewAttribute.m */,
				4C6A4D841CEC658D0027BAA8 /* MASViewConstraint.h */,
				4C6A4D851CEC658D0027BAA8 /* MASViewConstraint.m */,
				4C6A4D861CEC658D0027BAA8 /* NSArray+MASAdditions.h */,
				4C6A4D871CEC658D0027BAA8 /* NSArray+MASAdditions.m */,
				4C6A4D881CEC658D0027BAA8 /* NSArray+MASShorthandAdditions.h */,
				4C6A4D891CEC658D0027BAA8 /* NSLayoutConstraint+MASDebugAdditions.h */,
				4C6A4D8A1CEC658D0027BAA8 /* NSLayoutConstraint+MASDebugAdditions.m */,
				4C6A4D8B1CEC658D0027BAA8 /* View+MASAdditions.h */,
				4C6A4D8C1CEC658D0027BAA8 /* View+MASAdditions.m */,
				4C6A4D8D1CEC658D0027BAA8 /* View+MASShorthandAdditions.h */,
				4C6A4D8E1CEC658D0027BAA8 /* ViewController+MASAdditions.h */,
				4C6A4D8F1CEC658D0027BAA8 /* ViewController+MASAdditions.m */,
			);
			path = Masonry;
			sourceTree = "<group>";
		};
		4C6A4D9B1CEC684B0027BAA8 /* KBHeader */ = {
			isa = PBXGroup;
			children = (
				4C6A4D9C1CEC68610027BAA8 /* KBPlayerHeader.h */,
				4C6A4D9D1CEC687C0027BAA8 /* KBFunctionHeader.h */,
			);
			path = KBHeader;
			sourceTree = "<group>";
		};
		4C8612971CF3EDFC00527C0F /* 4_0 */ = {
			isa = PBXGroup;
			children = (
				4C8612981CF3F01200527C0F /* KBPlayerController4_0.h */,
				4C8612991CF3F01200527C0F /* KBPlayerController4_0.m */,
				4C86129B1CF3F02C00527C0F /* KBFFmpegHeader4_0.h */,
			);
			name = 4_0;
			sourceTree = "<group>";
		};
		4C8612A21CF4533A00527C0F /* 5_0 */ = {
			isa = PBXGroup;
			children = (
				4C8612A31CF4537300527C0F /* KBPlayerController5_0.h */,
				4C8612A41CF4537300527C0F /* KBPlayerController5_0.m */,
				4C8612A61CF4538600527C0F /* KBFFmpegHeader5_0.h */,
			);
			name = 5_0;
			sourceTree = "<group>";
		};
/* End PBXGroup section */

/* Begin PBXNativeTarget section */
		4C6A4C9E1CEC4EF20027BAA8 /* KBPlayer */ = {
			isa = PBXNativeTarget;
			buildConfigurationList = 4C6A4CCC1CEC4EF30027BAA8 /* Build configuration list for PBXNativeTarget "KBPlayer" */;
			buildPhases = (
				4C6A4C9B1CEC4EF20027BAA8 /* Sources */,
				4C6A4C9C1CEC4EF20027BAA8 /* Frameworks */,
				4C6A4C9D1CEC4EF20027BAA8 /* Resources */,
			);
			buildRules = (
			);
			dependencies = (
			);
			name = KBPlayer;
			productName = KBPlayer;
			productReference = 4C6A4C9F1CEC4EF20027BAA8 /* KBPlayer.app */;
			productType = "com.apple.product-type.application";
		};
		4C6A4CB71CEC4EF30027BAA8 /* KBPlayerTests */ = {
			isa = PBXNativeTarget;
			buildConfigurationList = 4C6A4CCF1CEC4EF30027BAA8 /* Build configuration list for PBXNativeTarget "KBPlayerTests" */;
			buildPhases = (
				4C6A4CB41CEC4EF30027BAA8 /* Sources */,
				4C6A4CB51CEC4EF30027BAA8 /* Frameworks */,
				4C6A4CB61CEC4EF30027BAA8 /* Resources */,
			);
			buildRules = (
			);
			dependencies = (
				4C6A4CBA1CEC4EF30027BAA8 /* PBXTargetDependency */,
			);
			name = KBPlayerTests;
			productName = KBPlayerTests;
			productReference = 4C6A4CB81CEC4EF30027BAA8 /* KBPlayerTests.xctest */;
			productType = "com.apple.product-type.bundle.unit-test";
		};
		4C6A4CC21CEC4EF30027BAA8 /* KBPlayerUITests */ = {
			isa = PBXNativeTarget;
			buildConfigurationList = 4C6A4CD21CEC4EF30027BAA8 /* Build configuration list for PBXNativeTarget "KBPlayerUITests" */;
			buildPhases = (
				4C6A4CBF1CEC4EF30027BAA8 /* Sources */,
				4C6A4CC01CEC4EF30027BAA8 /* Frameworks */,
				4C6A4CC11CEC4EF30027BAA8 /* Resources */,
			);
			buildRules = (
			);
			dependencies = (
				4C6A4CC51CEC4EF30027BAA8 /* PBXTargetDependency */,
			);
			name = KBPlayerUITests;
			productName = KBPlayerUITests;
			productReference = 4C6A4CC31CEC4EF30027BAA8 /* KBPlayerUITests.xctest */;
			productType = "com.apple.product-type.bundle.ui-testing";
		};
/* End PBXNativeTarget section */

/* Begin PBXProject section */
		4C6A4C971CEC4EF20027BAA8 /* Project object */ = {
			isa = PBXProject;
			attributes = {
				LastUpgradeCheck = 0720;
				ORGANIZATIONNAME = "Gan Tian";
				TargetAttributes = {
					4C6A4C9E1CEC4EF20027BAA8 = {
						CreatedOnToolsVersion = 7.2;
					};
					4C6A4CB71CEC4EF30027BAA8 = {
						CreatedOnToolsVersion = 7.2;
						TestTargetID = 4C6A4C9E1CEC4EF20027BAA8;
					};
					4C6A4CC21CEC4EF30027BAA8 = {
						CreatedOnToolsVersion = 7.2;
						TestTargetID = 4C6A4C9E1CEC4EF20027BAA8;
					};
				};
			};
			buildConfigurationList = 4C6A4C9A1CEC4EF20027BAA8 /* Build configuration list for PBXProject "KBPlayer" */;
			compatibilityVersion = "Xcode 3.2";
			developmentRegion = English;
			hasScannedForEncodings = 0;
			knownRegions = (
				en,
				Base,
			);
			mainGroup = 4C6A4C961CEC4EF20027BAA8;
			productRefGroup = 4C6A4CA01CEC4EF20027BAA8 /* Products */;
			projectDirPath = "";
			projectRoot = "";
			targets = (
				4C6A4C9E1CEC4EF20027BAA8 /* KBPlayer */,
				4C6A4CB71CEC4EF30027BAA8 /* KBPlayerTests */,
				4C6A4CC21CEC4EF30027BAA8 /* KBPlayerUITests */,
			);
		};
/* End PBXProject section */

/* Begin PBXResourcesBuildPhase section */
		4C6A4C9D1CEC4EF20027BAA8 /* Resources */ = {
			isa = PBXResourcesBuildPhase;
			buildActionMask = 2147483647;
			files = (
				4C86C65B1CED5E4D00F3CD4C /* cuc_ieschool.flv in Resources */,
				4C6A4D901CEC658D0027BAA8 /* Info.plist in Resources */,
				4C6A4CB21CEC4EF30027BAA8 /* LaunchScreen.storyboard in Resources */,
				4C6A4CAF1CEC4EF30027BAA8 /* Assets.xcassets in Resources */,
				4C6A4CAD1CEC4EF30027BAA8 /* Main.storyboard in Resources */,
			);
			runOnlyForDeploymentPostprocessing = 0;
		};
		4C6A4CB61CEC4EF30027BAA8 /* Resources */ = {
			isa = PBXResourcesBuildPhase;
			buildActionMask = 2147483647;
			files = (
			);
			runOnlyForDeploymentPostprocessing = 0;
		};
		4C6A4CC11CEC4EF30027BAA8 /* Resources */ = {
			isa = PBXResourcesBuildPhase;
			buildActionMask = 2147483647;
			files = (
			);
			runOnlyForDeploymentPostprocessing = 0;
		};
/* End PBXResourcesBuildPhase section */

/* Begin PBXSourcesBuildPhase section */
		4C6A4C9B1CEC4EF20027BAA8 /* Sources */ = {
			isa = PBXSourcesBuildPhase;
			buildActionMask = 2147483647;
			files = (
				4C61B2001CFC385A0011201B /* PanormalOpenGLView.m in Sources */,
				4C6A4D981CEC658D0027BAA8 /* NSLayoutConstraint+MASDebugAdditions.m in Sources */,
				4C6A4CAA1CEC4EF30027BAA8 /* ViewController.m in Sources */,
				4C5181151D10FC97001D62A8 /* KBPlayerController9_0.m in Sources */,
				4C6A4D961CEC658D0027BAA8 /* MASViewConstraint.m in Sources */,
				4C6A4D741CEC64C60027BAA8 /* VRPlayControlView.m in Sources */,
				4C5181181D113727001D62A8 /* AAPLEAGLLayer.m in Sources */,
				4C6A4CA71CEC4EF20027BAA8 /* AppDelegate.m in Sources */,
				4C5181121D10FC77001D62A8 /* KBPlayer9_0.m in Sources */,
				4C6A4D991CEC658D0027BAA8 /* View+MASAdditions.m in Sources */,
				4C6A4D911CEC658D0027BAA8 /* MASCompositeConstraint.m in Sources */,
				4C5B29881CF8215B0000ECCD /* KBPlayer7_0.m in Sources */,
				4C6A4D951CEC658D0027BAA8 /* MASViewAttribute.m in Sources */,
				4C5B298B1CF821AF0000ECCD /* KBPlayerController7_0.m in Sources */,
				4C6A4D931CEC658D0027BAA8 /* MASConstraintMaker.m in Sources */,
				4C6A4D971CEC658D0027BAA8 /* NSArray+MASAdditions.m in Sources */,
				4C5B29961CF8319B0000ECCD /* KBPlayer8_0.m in Sources */,
				4C31C8561CF58B320012B679 /* CacheView.m in Sources */,
				4C17BB2C1CEEC311008464E0 /* OpenGLView20.m in Sources */,
				4C6A4D9A1CEC658D0027BAA8 /* ViewController+MASAdditions.m in Sources */,
				4C6A4D921CEC658D0027BAA8 /* MASConstraint.m in Sources */,
				4C6A4D941CEC658D0027BAA8 /* MASLayoutConstraint.m in Sources */,
				4C6A4CA41CEC4EF20027BAA8 /* main.m in Sources */,
				4C5B29991CF831B90000ECCD /* KBPlayerController8_0.m in Sources */,
			);
			runOnlyForDeploymentPostprocessing = 0;
		};
		4C6A4CB41CEC4EF30027BAA8 /* Sources */ = {
			isa = PBXSourcesBuildPhase;
			buildActionMask = 2147483647;
			files = (
				4C6A4CBD1CEC4EF30027BAA8 /* KBPlayerTests.m in Sources */,
			);
			runOnlyForDeploymentPostprocessing = 0;
		};
		4C6A4CBF1CEC4EF30027BAA8 /* Sources */ = {
			isa = PBXSourcesBuildPhase;
			buildActionMask = 2147483647;
			files = (
				4C6A4CC81CEC4EF30027BAA8 /* KBPlayerUITests.m in Sources */,
			);
			runOnlyForDeploymentPostprocessing = 0;
		};
/* End PBXSourcesBuildPhase section */

/* Begin PBXTargetDependency section */
		4C6A4CBA1CEC4EF30027BAA8 /* PBXTargetDependency */ = {
			isa = PBXTargetDependency;
			target = 4C6A4C9E1CEC4EF20027BAA8 /* KBPlayer */;
			targetProxy = 4C6A4CB91CEC4EF30027BAA8 /* PBXContainerItemProxy */;
		};
		4C6A4CC51CEC4EF30027BAA8 /* PBXTargetDependency */ = {
			isa = PBXTargetDependency;
			target = 4C6A4C9E1CEC4EF20027BAA8 /* KBPlayer */;
			targetProxy = 4C6A4CC41CEC4EF30027BAA8 /* PBXContainerItemProxy */;
		};
/* End PBXTargetDependency section */

/* Begin PBXVariantGroup section */
		4C6A4CAB1CEC4EF30027BAA8 /* Main.storyboard */ = {
			isa = PBXVariantGroup;
			children = (
				4C6A4CAC1CEC4EF30027BAA8 /* Base */,
			);
			name = Main.storyboard;
			sourceTree = "<group>";
		};
		4C6A4CB01CEC4EF30027BAA8 /* LaunchScreen.storyboard */ = {
			isa = PBXVariantGroup;
			children = (
				4C6A4CB11CEC4EF30027BAA8 /* Base */,
			);
			name = LaunchScreen.storyboard;
			sourceTree = "<group>";
		};
/* End PBXVariantGroup section */

/* Begin XCBuildConfiguration section */
		4C6A4CCA1CEC4EF30027BAA8 /* Debug */ = {
			isa = XCBuildConfiguration;
			buildSettings = {
				ALWAYS_SEARCH_USER_PATHS = NO;
				CLANG_CXX_LANGUAGE_STANDARD = "gnu++0x";
				CLANG_CXX_LIBRARY = "libc++";
				CLANG_ENABLE_MODULES = YES;
				CLANG_ENABLE_OBJC_ARC = YES;
				CLANG_WARN_BOOL_CONVERSION = YES;
				CLANG_WARN_CONSTANT_CONVERSION = YES;
				CLANG_WARN_DIRECT_OBJC_ISA_USAGE = YES_ERROR;
				CLANG_WARN_EMPTY_BODY = YES;
				CLANG_WARN_ENUM_CONVERSION = YES;
				CLANG_WARN_INT_CONVERSION = YES;
				CLANG_WARN_OBJC_ROOT_CLASS = YES_ERROR;
				CLANG_WARN_UNREACHABLE_CODE = YES;
				CLANG_WARN__DUPLICATE_METHOD_MATCH = YES;
				"CODE_SIGN_IDENTITY[sdk=iphoneos*]" = "iPhone Developer";
				COPY_PHASE_STRIP = NO;
				DEBUG_INFORMATION_FORMAT = dwarf;
				ENABLE_STRICT_OBJC_MSGSEND = YES;
				ENABLE_TESTABILITY = YES;
				GCC_C_LANGUAGE_STANDARD = gnu99;
				GCC_DYNAMIC_NO_PIC = NO;
				GCC_NO_COMMON_BLOCKS = YES;
				GCC_OPTIMIZATION_LEVEL = 0;
				GCC_PREPROCESSOR_DEFINITIONS = (
					"DEBUG=1",
					"$(inherited)",
				);
				GCC_WARN_64_TO_32_BIT_CONVERSION = YES;
				GCC_WARN_ABOUT_RETURN_TYPE = YES_ERROR;
				GCC_WARN_UNDECLARED_SELECTOR = YES;
				GCC_WARN_UNINITIALIZED_AUTOS = YES_AGGRESSIVE;
				GCC_WARN_UNUSED_FUNCTION = YES;
				GCC_WARN_UNUSED_VARIABLE = YES;
				IPHONEOS_DEPLOYMENT_TARGET = 9.2;
				MTL_ENABLE_DEBUG_INFO = YES;
				ONLY_ACTIVE_ARCH = YES;
				SDKROOT = iphoneos;
			};
			name = Debug;
		};
		4C6A4CCB1CEC4EF30027BAA8 /* Release */ = {
			isa = XCBuildConfiguration;
			buildSettings = {
				ALWAYS_SEARCH_USER_PATHS = NO;
				CLANG_CXX_LANGUAGE_STANDARD = "gnu++0x";
				CLANG_CXX_LIBRARY = "libc++";
				CLANG_ENABLE_MODULES = YES;
				CLANG_ENABLE_OBJC_ARC = YES;
				CLANG_WARN_BOOL_CONVERSION = YES;
				CLANG_WARN_CONSTANT_CONVERSION = YES;
				CLANG_WARN_DIRECT_OBJC_ISA_USAGE = YES_ERROR;
				CLANG_WARN_EMPTY_BODY = YES;
				CLANG_WARN_ENUM_CONVERSION = YES;
				CLANG_WARN_INT_CONVERSION = YES;
				CLANG_WARN_OBJC_ROOT_CLASS = YES_ERROR;
				CLANG_WARN_UNREACHABLE_CODE = YES;
				CLANG_WARN__DUPLICATE_METHOD_MATCH = YES;
				"CODE_SIGN_IDENTITY[sdk=iphoneos*]" = "iPhone Developer";
				COPY_PHASE_STRIP = NO;
				DEBUG_INFORMATION_FORMAT = "dwarf-with-dsym";
				ENABLE_NS_ASSERTIONS = NO;
				ENABLE_STRICT_OBJC_MSGSEND = YES;
				GCC_C_LANGUAGE_STANDARD = gnu99;
				GCC_NO_COMMON_BLOCKS = YES;
				GCC_WARN_64_TO_32_BIT_CONVERSION = YES;
				GCC_WARN_ABOUT_RETURN_TYPE = YES_ERROR;
				GCC_WARN_UNDECLARED_SELECTOR = YES;
				GCC_WARN_UNINITIALIZED_AUTOS = YES_AGGRESSIVE;
				GCC_WARN_UNUSED_FUNCTION = YES;
				GCC_WARN_UNUSED_VARIABLE = YES;
				IPHONEOS_DEPLOYMENT_TARGET = 9.2;
				MTL_ENABLE_DEBUG_INFO = NO;
				SDKROOT = iphoneos;
				VALIDATE_PRODUCT = YES;
			};
			name = Release;
		};
		4C6A4CCD1CEC4EF30027BAA8 /* Debug */ = {
			isa = XCBuildConfiguration;
			buildSettings = {
				ASSETCATALOG_COMPILER_APPICON_NAME = AppIcon;
				HEADER_SEARCH_PATHS = "$(PROJECT_DIR)/KBPlayer/ffmpeg/include";
				INFOPLIST_FILE = KBPlayer/Info.plist;
				IPHONEOS_DEPLOYMENT_TARGET = 8.1;
				LD_RUNPATH_SEARCH_PATHS = "$(inherited) @executable_path/Frameworks";
				LIBRARY_SEARCH_PATHS = (
					"$(inherited)",
					"$(PROJECT_DIR)/KBPlayer/ffmpeg/lib",
				);
				PRODUCT_BUNDLE_IDENTIFIER = com.3glasses.KBPlayer;
				PRODUCT_NAME = "$(TARGET_NAME)";
			};
			name = Debug;
		};
		4C6A4CCE1CEC4EF30027BAA8 /* Release */ = {
			isa = XCBuildConfiguration;
			buildSettings = {
				ASSETCATALOG_COMPILER_APPICON_NAME = AppIcon;
				HEADER_SEARCH_PATHS = "$(PROJECT_DIR)/KBPlayer/ffmpeg/include";
				INFOPLIST_FILE = KBPlayer/Info.plist;
				IPHONEOS_DEPLOYMENT_TARGET = 8.1;
				LD_RUNPATH_SEARCH_PATHS = "$(inherited) @executable_path/Frameworks";
				LIBRARY_SEARCH_PATHS = (
					"$(inherited)",
					"$(PROJECT_DIR)/KBPlayer/ffmpeg/lib",
				);
				PRODUCT_BUNDLE_IDENTIFIER = com.3glasses.KBPlayer;
				PRODUCT_NAME = "$(TARGET_NAME)";
			};
			name = Release;
		};
		4C6A4CD01CEC4EF30027BAA8 /* Debug */ = {
			isa = XCBuildConfiguration;
			buildSettings = {
				BUNDLE_LOADER = "$(TEST_HOST)";
				INFOPLIST_FILE = KBPlayerTests/Info.plist;
				LD_RUNPATH_SEARCH_PATHS = "$(inherited) @executable_path/Frameworks @loader_path/Frameworks";
				PRODUCT_BUNDLE_IDENTIFIER = com.3glasses.KBPlayerTests;
				PRODUCT_NAME = "$(TARGET_NAME)";
				TEST_HOST = "$(BUILT_PRODUCTS_DIR)/KBPlayer.app/KBPlayer";
			};
			name = Debug;
		};
		4C6A4CD11CEC4EF30027BAA8 /* Release */ = {
			isa = XCBuildConfiguration;
			buildSettings = {
				BUNDLE_LOADER = "$(TEST_HOST)";
				INFOPLIST_FILE = KBPlayerTests/Info.plist;
				LD_RUNPATH_SEARCH_PATHS = "$(inherited) @executable_path/Frameworks @loader_path/Frameworks";
				PRODUCT_BUNDLE_IDENTIFIER = com.3glasses.KBPlayerTests;
				PRODUCT_NAME = "$(TARGET_NAME)";
				TEST_HOST = "$(BUILT_PRODUCTS_DIR)/KBPlayer.app/KBPlayer";
			};
			name = Release;
		};
		4C6A4CD31CEC4EF30027BAA8 /* Debug */ = {
			isa = XCBuildConfiguration;
			buildSettings = {
				INFOPLIST_FILE = KBPlayerUITests/Info.plist;
				LD_RUNPATH_SEARCH_PATHS = "$(inherited) @executable_path/Frameworks @loader_path/Frameworks";
				PRODUCT_BUNDLE_IDENTIFIER = com.3glasses.KBPlayerUITests;
				PRODUCT_NAME = "$(TARGET_NAME)";
				TEST_TARGET_NAME = KBPlayer;
				USES_XCTRUNNER = YES;
			};
			name = Debug;
		};
		4C6A4CD41CEC4EF30027BAA8 /* Release */ = {
			isa = XCBuildConfiguration;
			buildSettings = {
				INFOPLIST_FILE = KBPlayerUITests/Info.plist;
				LD_RUNPATH_SEARCH_PATHS = "$(inherited) @executable_path/Frameworks @loader_path/Frameworks";
				PRODUCT_BUNDLE_IDENTIFIER = com.3glasses.KBPlayerUITests;
				PRODUCT_NAME = "$(TARGET_NAME)";
				TEST_TARGET_NAME = KBPlayer;
				USES_XCTRUNNER = YES;
			};
			name = Release;
		};
/* End XCBuildConfiguration section */

/* Begin XCConfigurationList section */
		4C6A4C9A1CEC4EF20027BAA8 /* Build configuration list for PBXProject "KBPlayer" */ = {
			isa = XCConfigurationList;
			buildConfigurations = (
				4C6A4CCA1CEC4EF30027BAA8 /* Debug */,
				4C6A4CCB1CEC4EF30027BAA8 /* Release */,
			);
			defaultConfigurationIsVisible = 0;
			defaultConfigurationName = Release;
		};
		4C6A4CCC1CEC4EF30027BAA8 /* Build configuration list for PBXNativeTarget "KBPlayer" */ = {
			isa = XCConfigurationList;
			buildConfigurations = (
				4C6A4CCD1CEC4EF30027BAA8 /* Debug */,
				4C6A4CCE1CEC4EF30027BAA8 /* Release */,
			);
			defaultConfigurationIsVisible = 0;
			defaultConfigurationName = Release;
		};
		4C6A4CCF1CEC4EF30027BAA8 /* Build configuration list for PBXNativeTarget "KBPlayerTests" */ = {
			isa = XCConfigurationList;
			buildConfigurations = (
				4C6A4CD01CEC4EF30027BAA8 /* Debug */,
				4C6A4CD11CEC4EF30027BAA8 /* Release */,
			);
			defaultConfigurationIsVisible = 0;
			defaultConfigurationName = Release;
		};
		4C6A4CD21CEC4EF30027BAA8 /* Build configuration list for PBXNativeTarget "KBPlayerUITests" */ = {
			isa = XCConfigurationList;
			buildConfigurations = (
				4C6A4CD31CEC4EF30027BAA8 /* Debug */,
				4C6A4CD41CEC4EF30027BAA8 /* Release */,
			);
			defaultConfigurationIsVisible = 0;
			defaultConfigurationName = Release;
		};
/* End XCConfigurationList section */
	};
	rootObject = 4C6A4C971CEC4EF20027BAA8 /* Project object */;
}
